// !$*UTF8*$!
{
	archiveVersion = 1;
	classes = {
	};
	objectVersion = 45;
	objects = {

/* Begin PBXBuildFile section */
		1DDD58160DA1D0A300B32029 /* MainMenu.xib in Resources */ = {isa = PBXBuildFile; fileRef = 1DDD58140DA1D0A300B32029 /* MainMenu.xib */; };
		256AC3DA0F4B6AC300CF3369 /* DivvyAppDelegate.m in Sources */ = {isa = PBXBuildFile; fileRef = 256AC3D90F4B6AC300CF3369 /* DivvyAppDelegate.m */; };
		8D11072B0486CEB800E47090 /* InfoPlist.strings in Resources */ = {isa = PBXBuildFile; fileRef = 089C165CFE840E0CC02AAC07 /* InfoPlist.strings */; };
		8D11072D0486CEB800E47090 /* main.m in Sources */ = {isa = PBXBuildFile; fileRef = 29B97316FDCFA39411CA2CEA /* main.m */; settings = {ATTRIBUTES = (); }; };
		8D11072F0486CEB800E47090 /* Cocoa.framework in Frameworks */ = {isa = PBXBuildFile; fileRef = 1058C7A1FEA54F0111CA2CBB /* Cocoa.framework */; };
		D72E1D0E116FC6F8000D3D95 /* OpenGL.framework in Frameworks */ = {isa = PBXBuildFile; fileRef = D72E1D0D116FC6F8000D3D95 /* OpenGL.framework */; };
		D7716126138C3D1200C70C36 /* DivvyDatasetVisualizer.m in Sources */ = {isa = PBXBuildFile; fileRef = D7716125138C3D1200C70C36 /* DivvyDatasetVisualizer.m */; };
		D7716142138C409500C70C36 /* DivvyScatterPlot.m in Sources */ = {isa = PBXBuildFile; fileRef = D7716141138C409500C70C36 /* DivvyScatterPlot.m */; };
		D7764EF413788C9A00F7F49F /* Divvy_DataModel.xcdatamodel in Sources */ = {isa = PBXBuildFile; fileRef = D7764EF313788C9A00F7F49F /* Divvy_DataModel.xcdatamodel */; };
		D7764F2F1378B40400F7F49F /* ClustererPanel.xib in Resources */ = {isa = PBXBuildFile; fileRef = D7764F2E1378B40400F7F49F /* ClustererPanel.xib */; };
		D7764F371378B65A00F7F49F /* DatasetsPanel.xib in Resources */ = {isa = PBXBuildFile; fileRef = D7764F361378B65A00F7F49F /* DatasetsPanel.xib */; };
		D7764F46137B4A9900F7F49F /* DivvyDataset.m in Sources */ = {isa = PBXBuildFile; fileRef = D7764F45137B4A9900F7F49F /* DivvyDataset.m */; };
		D7764F5D137B4CDE00F7F49F /* DatasetWindow.xib in Resources */ = {isa = PBXBuildFile; fileRef = D7764F5C137B4CDE00F7F49F /* DatasetWindow.xib */; };
		D77DF784118636A2009C1946 /* Accelerate.framework in Frameworks */ = {isa = PBXBuildFile; fileRef = D77DF783118636A2009C1946 /* Accelerate.framework */; };
		D7B1944013981BF200BF1EC7 /* DivvyPointVisualizer.m in Sources */ = {isa = PBXBuildFile; fileRef = D7B1943F13981BF200BF1EC7 /* DivvyPointVisualizer.m */; };
		D7B1946913981F5B00BF1EC7 /* DivvyZhu.m in Sources */ = {isa = PBXBuildFile; fileRef = D7B1946813981F5B00BF1EC7 /* DivvyZhu.m */; };
		D7B1956C13983CDA00BF1EC7 /* DivvyClusterer.m in Sources */ = {isa = PBXBuildFile; fileRef = D7B1956B13983CDA00BF1EC7 /* DivvyClusterer.m */; };
		D7B1956F13983D4C00BF1EC7 /* DivvyKMeans.m in Sources */ = {isa = PBXBuildFile; fileRef = D7B1956E13983D4C00BF1EC7 /* DivvyKMeans.m */; };
		D7B1957513983DC200BF1EC7 /* DivvyReducer.m in Sources */ = {isa = PBXBuildFile; fileRef = D7B1957413983DC200BF1EC7 /* DivvyReducer.m */; };
		D7B1957813983DE500BF1EC7 /* DivvyPCA.m in Sources */ = {isa = PBXBuildFile; fileRef = D7B1957713983DE500BF1EC7 /* DivvyPCA.m */; };
		D7B78C68116A8D2100D363A2 /* DivvyController.m in Sources */ = {isa = PBXBuildFile; fileRef = D7B78C67116A8D2100D363A2 /* DivvyController.m */; };
		D7B78CBE116A8FEE00D363A2 /* QuartzCore.framework in Frameworks */ = {isa = PBXBuildFile; fileRef = D7B78CBD116A8FEE00D363A2 /* QuartzCore.framework */; };
		D7BC2DB211790CE700A37DF2 /* OpenCL.framework in Frameworks */ = {isa = PBXBuildFile; fileRef = D7BC2DB111790CE700A37DF2 /* OpenCL.framework */; };
		D7DD89C4137C70A400DADC35 /* DivvyDatasetsPanel.m in Sources */ = {isa = PBXBuildFile; fileRef = D7DD89C3137C70A400DADC35 /* DivvyDatasetsPanel.m */; };
		D7DD8B4F137C9A7200DADC35 /* DivvyDatasetWindow.m in Sources */ = {isa = PBXBuildFile; fileRef = D7DD8B4E137C9A7200DADC35 /* DivvyDatasetWindow.m */; };
		D7DD8B6D137C9D6700DADC35 /* Quartz.framework in Frameworks */ = {isa = PBXBuildFile; fileRef = D7DD8B6C137C9D6700DADC35 /* Quartz.framework */; };
		D7DD8BE11381DEBA00DADC35 /* DivvyDatasetView.m in Sources */ = {isa = PBXBuildFile; fileRef = D7DD8BE01381DEBA00DADC35 /* DivvyDatasetView.m */; };
		D7DD8D6C13846A7400DADC35 /* DivvyClustererPanel.m in Sources */ = {isa = PBXBuildFile; fileRef = D7DD8D6B13846A7400DADC35 /* DivvyClustererPanel.m */; };
		D7EF07981173C5BB007FFCD1 /* DivvyModel.m in Sources */ = {isa = PBXBuildFile; fileRef = D7EF07971173C5BB007FFCD1 /* DivvyModel.m */; };
/* End PBXBuildFile section */

/* Begin PBXFileReference section */
		089C165DFE840E0CC02AAC07 /* English */ = {isa = PBXFileReference; fileEncoding = 4; lastKnownFileType = text.plist.strings; name = English; path = English.lproj/InfoPlist.strings; sourceTree = "<group>"; };
		1058C7A1FEA54F0111CA2CBB /* Cocoa.framework */ = {isa = PBXFileReference; lastKnownFileType = wrapper.framework; name = Cocoa.framework; path = /System/Library/Frameworks/Cocoa.framework; sourceTree = "<absolute>"; };
		13E42FB307B3F0F600E4EEF1 /* CoreData.framework */ = {isa = PBXFileReference; lastKnownFileType = wrapper.framework; name = CoreData.framework; path = /System/Library/Frameworks/CoreData.framework; sourceTree = "<absolute>"; };
		1DDD58150DA1D0A300B32029 /* English */ = {isa = PBXFileReference; lastKnownFileType = file.xib; name = English; path = English.lproj/MainMenu.xib; sourceTree = "<group>"; };
		256AC3D80F4B6AC300CF3369 /* DivvyAppDelegate.h */ = {isa = PBXFileReference; fileEncoding = 4; lastKnownFileType = sourcecode.c.h; path = DivvyAppDelegate.h; sourceTree = "<group>"; };
		256AC3D90F4B6AC300CF3369 /* DivvyAppDelegate.m */ = {isa = PBXFileReference; fileEncoding = 4; lastKnownFileType = sourcecode.c.objc; path = DivvyAppDelegate.m; sourceTree = "<group>"; };
		256AC3F00F4B6AF500CF3369 /* Divvy_Prefix.pch */ = {isa = PBXFileReference; fileEncoding = 4; lastKnownFileType = sourcecode.c.h; path = Divvy_Prefix.pch; sourceTree = "<group>"; };
		29B97316FDCFA39411CA2CEA /* main.m */ = {isa = PBXFileReference; fileEncoding = 4; lastKnownFileType = sourcecode.c.objc; path = main.m; sourceTree = "<group>"; };
		29B97324FDCFA39411CA2CEA /* AppKit.framework */ = {isa = PBXFileReference; lastKnownFileType = wrapper.framework; name = AppKit.framework; path = /System/Library/Frameworks/AppKit.framework; sourceTree = "<absolute>"; };
		29B97325FDCFA39411CA2CEA /* Foundation.framework */ = {isa = PBXFileReference; lastKnownFileType = wrapper.framework; name = Foundation.framework; path = /System/Library/Frameworks/Foundation.framework; sourceTree = "<absolute>"; };
		8D1107310486CEB800E47090 /* Divvy-Info.plist */ = {isa = PBXFileReference; fileEncoding = 4; lastKnownFileType = text.plist.xml; path = "Divvy-Info.plist"; sourceTree = "<group>"; };
		8D1107320486CEB800E47090 /* Divvy.app */ = {isa = PBXFileReference; explicitFileType = wrapper.application; includeInIndex = 0; path = Divvy.app; sourceTree = BUILT_PRODUCTS_DIR; };
		D72E1D0D116FC6F8000D3D95 /* OpenGL.framework */ = {isa = PBXFileReference; lastKnownFileType = wrapper.framework; name = OpenGL.framework; path = System/Library/Frameworks/OpenGL.framework; sourceTree = SDKROOT; };
		D7716124138C3D1200C70C36 /* DivvyDatasetVisualizer.h */ = {isa = PBXFileReference; fileEncoding = 4; lastKnownFileType = sourcecode.c.h; path = DivvyDatasetVisualizer.h; sourceTree = "<group>"; };
		D7716125138C3D1200C70C36 /* DivvyDatasetVisualizer.m */ = {isa = PBXFileReference; fileEncoding = 4; lastKnownFileType = sourcecode.c.objc; path = DivvyDatasetVisualizer.m; sourceTree = "<group>"; };
		D7716140138C409500C70C36 /* DivvyScatterPlot.h */ = {isa = PBXFileReference; fileEncoding = 4; lastKnownFileType = sourcecode.c.h; path = DivvyScatterPlot.h; sourceTree = "<group>"; };
		D7716141138C409500C70C36 /* DivvyScatterPlot.m */ = {isa = PBXFileReference; fileEncoding = 4; lastKnownFileType = sourcecode.c.objc; path = DivvyScatterPlot.m; sourceTree = "<group>"; };
		D7764EF313788C9A00F7F49F /* Divvy_DataModel.xcdatamodel */ = {isa = PBXFileReference; fileEncoding = 4; lastKnownFileType = wrapper.xcdatamodel; path = Divvy_DataModel.xcdatamodel; sourceTree = "<group>"; };
		D7764F2E1378B40400F7F49F /* ClustererPanel.xib */ = {isa = PBXFileReference; lastKnownFileType = file.xib; path = ClustererPanel.xib; sourceTree = "<group>"; };
		D7764F361378B65A00F7F49F /* DatasetsPanel.xib */ = {isa = PBXFileReference; lastKnownFileType = file.xib; path = DatasetsPanel.xib; sourceTree = "<group>"; };
		D7764F44137B4A9900F7F49F /* DivvyDataset.h */ = {isa = PBXFileReference; fileEncoding = 4; lastKnownFileType = sourcecode.c.h; path = DivvyDataset.h; sourceTree = "<group>"; };
		D7764F45137B4A9900F7F49F /* DivvyDataset.m */ = {isa = PBXFileReference; fileEncoding = 4; lastKnownFileType = sourcecode.c.objc; path = DivvyDataset.m; sourceTree = "<group>"; };
		D7764F5C137B4CDE00F7F49F /* DatasetWindow.xib */ = {isa = PBXFileReference; lastKnownFileType = file.xib; path = DatasetWindow.xib; sourceTree = "<group>"; };
		D77DF783118636A2009C1946 /* Accelerate.framework */ = {isa = PBXFileReference; lastKnownFileType = wrapper.framework; name = Accelerate.framework; path = System/Library/Frameworks/Accelerate.framework; sourceTree = SDKROOT; };
		D7B1943E13981BF200BF1EC7 /* DivvyPointVisualizer.h */ = {isa = PBXFileReference; fileEncoding = 4; lastKnownFileType = sourcecode.c.h; path = DivvyPointVisualizer.h; sourceTree = "<group>"; };
		D7B1943F13981BF200BF1EC7 /* DivvyPointVisualizer.m */ = {isa = PBXFileReference; fileEncoding = 4; lastKnownFileType = sourcecode.c.objc; path = DivvyPointVisualizer.m; sourceTree = "<group>"; };
		D7B1946713981F5B00BF1EC7 /* DivvyZhu.h */ = {isa = PBXFileReference; fileEncoding = 4; lastKnownFileType = sourcecode.c.h; path = DivvyZhu.h; sourceTree = "<group>"; };
		D7B1946813981F5B00BF1EC7 /* DivvyZhu.m */ = {isa = PBXFileReference; fileEncoding = 4; lastKnownFileType = sourcecode.c.objc; path = DivvyZhu.m; sourceTree = "<group>"; };
		D7B1956A13983CDA00BF1EC7 /* DivvyClusterer.h */ = {isa = PBXFileReference; fileEncoding = 4; lastKnownFileType = sourcecode.c.h; path = DivvyClusterer.h; sourceTree = "<group>"; };
		D7B1956B13983CDA00BF1EC7 /* DivvyClusterer.m */ = {isa = PBXFileReference; fileEncoding = 4; lastKnownFileType = sourcecode.c.objc; path = DivvyClusterer.m; sourceTree = "<group>"; };
		D7B1956D13983D4C00BF1EC7 /* DivvyKMeans.h */ = {isa = PBXFileReference; fileEncoding = 4; lastKnownFileType = sourcecode.c.h; path = DivvyKMeans.h; sourceTree = "<group>"; };
		D7B1956E13983D4C00BF1EC7 /* DivvyKMeans.m */ = {isa = PBXFileReference; fileEncoding = 4; lastKnownFileType = sourcecode.c.objc; path = DivvyKMeans.m; sourceTree = "<group>"; };
		D7B1957313983DC200BF1EC7 /* DivvyReducer.h */ = {isa = PBXFileReference; fileEncoding = 4; lastKnownFileType = sourcecode.c.h; path = DivvyReducer.h; sourceTree = "<group>"; };
		D7B1957413983DC200BF1EC7 /* DivvyReducer.m */ = {isa = PBXFileReference; fileEncoding = 4; lastKnownFileType = sourcecode.c.objc; path = DivvyReducer.m; sourceTree = "<group>"; };
		D7B1957613983DE500BF1EC7 /* DivvyPCA.h */ = {isa = PBXFileReference; fileEncoding = 4; lastKnownFileType = sourcecode.c.h; path = DivvyPCA.h; sourceTree = "<group>"; };
		D7B1957713983DE500BF1EC7 /* DivvyPCA.m */ = {isa = PBXFileReference; fileEncoding = 4; lastKnownFileType = sourcecode.c.objc; path = DivvyPCA.m; sourceTree = "<group>"; };
		D7B78C66116A8D2100D363A2 /* DivvyController.h */ = {isa = PBXFileReference; fileEncoding = 4; lastKnownFileType = sourcecode.c.h; path = DivvyController.h; sourceTree = "<group>"; };
		D7B78C67116A8D2100D363A2 /* DivvyController.m */ = {isa = PBXFileReference; fileEncoding = 4; lastKnownFileType = sourcecode.c.objc; path = DivvyController.m; sourceTree = "<group>"; };
		D7B78CBD116A8FEE00D363A2 /* QuartzCore.framework */ = {isa = PBXFileReference; lastKnownFileType = wrapper.framework; name = QuartzCore.framework; path = System/Library/Frameworks/QuartzCore.framework; sourceTree = SDKROOT; };
		D7BC2CFA1178FF2000A37DF2 /* assignment.cl */ = {isa = PBXFileReference; fileEncoding = 4; lastKnownFileType = sourcecode.opencl; path = assignment.cl; sourceTree = "<group>"; };
		D7BC2CFB1178FF2000A37DF2 /* move.cl */ = {isa = PBXFileReference; fileEncoding = 4; lastKnownFileType = sourcecode.opencl; path = move.cl; sourceTree = "<group>"; };
		D7BC2DB111790CE700A37DF2 /* OpenCL.framework */ = {isa = PBXFileReference; lastKnownFileType = wrapper.framework; name = OpenCL.framework; path = System/Library/Frameworks/OpenCL.framework; sourceTree = SDKROOT; };
		D7DD89C2137C70A400DADC35 /* DivvyDatasetsPanel.h */ = {isa = PBXFileReference; fileEncoding = 4; lastKnownFileType = sourcecode.c.h; path = DivvyDatasetsPanel.h; sourceTree = "<group>"; };
		D7DD89C3137C70A400DADC35 /* DivvyDatasetsPanel.m */ = {isa = PBXFileReference; fileEncoding = 4; lastKnownFileType = sourcecode.c.objc; path = DivvyDatasetsPanel.m; sourceTree = "<group>"; };
		D7DD8B4D137C9A7200DADC35 /* DivvyDatasetWindow.h */ = {isa = PBXFileReference; fileEncoding = 4; lastKnownFileType = sourcecode.c.h; path = DivvyDatasetWindow.h; sourceTree = "<group>"; };
		D7DD8B4E137C9A7200DADC35 /* DivvyDatasetWindow.m */ = {isa = PBXFileReference; fileEncoding = 4; lastKnownFileType = sourcecode.c.objc; path = DivvyDatasetWindow.m; sourceTree = "<group>"; };
		D7DD8B6C137C9D6700DADC35 /* Quartz.framework */ = {isa = PBXFileReference; lastKnownFileType = wrapper.framework; name = Quartz.framework; path = System/Library/Frameworks/Quartz.framework; sourceTree = SDKROOT; };
		D7DD8BDF1381DEBA00DADC35 /* DivvyDatasetView.h */ = {isa = PBXFileReference; fileEncoding = 4; lastKnownFileType = sourcecode.c.h; path = DivvyDatasetView.h; sourceTree = "<group>"; };
		D7DD8BE01381DEBA00DADC35 /* DivvyDatasetView.m */ = {isa = PBXFileReference; fileEncoding = 4; lastKnownFileType = sourcecode.c.objc; path = DivvyDatasetView.m; sourceTree = "<group>"; };
		D7DD8D6A13846A7400DADC35 /* DivvyClustererPanel.h */ = {isa = PBXFileReference; fileEncoding = 4; lastKnownFileType = sourcecode.c.h; path = DivvyClustererPanel.h; sourceTree = "<group>"; };
		D7DD8D6B13846A7400DADC35 /* DivvyClustererPanel.m */ = {isa = PBXFileReference; fileEncoding = 4; lastKnownFileType = sourcecode.c.objc; path = DivvyClustererPanel.m; sourceTree = "<group>"; };
		D7EF07961173C5BB007FFCD1 /* DivvyModel.h */ = {isa = PBXFileReference; fileEncoding = 4; lastKnownFileType = sourcecode.c.h; path = DivvyModel.h; sourceTree = "<group>"; };
		D7EF07971173C5BB007FFCD1 /* DivvyModel.m */ = {isa = PBXFileReference; fileEncoding = 4; lastKnownFileType = sourcecode.c.objc; path = DivvyModel.m; sourceTree = "<group>"; };
/* End PBXFileReference section */

/* Begin PBXFrameworksBuildPhase section */
		8D11072E0486CEB800E47090 /* Frameworks */ = {
			isa = PBXFrameworksBuildPhase;
			buildActionMask = 2147483647;
			files = (
				8D11072F0486CEB800E47090 /* Cocoa.framework in Frameworks */,
				D7B78CBE116A8FEE00D363A2 /* QuartzCore.framework in Frameworks */,
				D72E1D0E116FC6F8000D3D95 /* OpenGL.framework in Frameworks */,
				D7BC2DB211790CE700A37DF2 /* OpenCL.framework in Frameworks */,
				D77DF784118636A2009C1946 /* Accelerate.framework in Frameworks */,
				D7DD8B6D137C9D6700DADC35 /* Quartz.framework in Frameworks */,
			);
			runOnlyForDeploymentPostprocessing = 0;
		};
/* End PBXFrameworksBuildPhase section */

/* Begin PBXGroup section */
		080E96DDFE201D6D7F000001 /* Classes */ = {
			isa = PBXGroup;
			children = (
				D7716124138C3D1200C70C36 /* DivvyDatasetVisualizer.h */,
				D7716125138C3D1200C70C36 /* DivvyDatasetVisualizer.m */,
				D7DD8D6A13846A7400DADC35 /* DivvyClustererPanel.h */,
				D7DD8D6B13846A7400DADC35 /* DivvyClustererPanel.m */,
				D7DD8BDF1381DEBA00DADC35 /* DivvyDatasetView.h */,
				D7DD8BE01381DEBA00DADC35 /* DivvyDatasetView.m */,
				D7DD8B4D137C9A7200DADC35 /* DivvyDatasetWindow.h */,
				D7DD8B4E137C9A7200DADC35 /* DivvyDatasetWindow.m */,
				D7DD89C2137C70A400DADC35 /* DivvyDatasetsPanel.h */,
				D7DD89C3137C70A400DADC35 /* DivvyDatasetsPanel.m */,
				D7764F44137B4A9900F7F49F /* DivvyDataset.h */,
				D7764F45137B4A9900F7F49F /* DivvyDataset.m */,
				256AC3D80F4B6AC300CF3369 /* DivvyAppDelegate.h */,
				256AC3D90F4B6AC300CF3369 /* DivvyAppDelegate.m */,
				D7B78C66116A8D2100D363A2 /* DivvyController.h */,
				D7B78C67116A8D2100D363A2 /* DivvyController.m */,
				D7EF07961173C5BB007FFCD1 /* DivvyModel.h */,
				D7EF07971173C5BB007FFCD1 /* DivvyModel.m */,
				D7B1943E13981BF200BF1EC7 /* DivvyPointVisualizer.h */,
				D7B1943F13981BF200BF1EC7 /* DivvyPointVisualizer.m */,
				D7B1956A13983CDA00BF1EC7 /* DivvyClusterer.h */,
				D7B1956B13983CDA00BF1EC7 /* DivvyClusterer.m */,
				D7B1957313983DC200BF1EC7 /* DivvyReducer.h */,
				D7B1957413983DC200BF1EC7 /* DivvyReducer.m */,
			);
			name = Classes;
			sourceTree = "<group>";
		};
		1058C7A0FEA54F0111CA2CBB /* Linked Frameworks */ = {
			isa = PBXGroup;
			children = (
				D7DD8B6C137C9D6700DADC35 /* Quartz.framework */,
				D77DF783118636A2009C1946 /* Accelerate.framework */,
				D72E1D0D116FC6F8000D3D95 /* OpenGL.framework */,
				D7B78CBD116A8FEE00D363A2 /* QuartzCore.framework */,
				1058C7A1FEA54F0111CA2CBB /* Cocoa.framework */,
				D7BC2DB111790CE700A37DF2 /* OpenCL.framework */,
			);
			name = "Linked Frameworks";
			sourceTree = "<group>";
		};
		1058C7A2FEA54F0111CA2CBB /* Other Frameworks */ = {
			isa = PBXGroup;
			children = (
				29B97324FDCFA39411CA2CEA /* AppKit.framework */,
				13E42FB307B3F0F600E4EEF1 /* CoreData.framework */,
				29B97325FDCFA39411CA2CEA /* Foundation.framework */,
			);
			name = "Other Frameworks";
			sourceTree = "<group>";
		};
		19C28FACFE9D520D11CA2CBB /* Products */ = {
			isa = PBXGroup;
			children = (
				8D1107320486CEB800E47090 /* Divvy.app */,
			);
			name = Products;
			sourceTree = "<group>";
		};
		29B97314FDCFA39411CA2CEA /* Divvy */ = {
			isa = PBXGroup;
			children = (
				D771613B138C3FCA00C70C36 /* Implementers */,
				D7764EEE13788C3100F7F49F /* Models */,
				080E96DDFE201D6D7F000001 /* Classes */,
				29B97315FDCFA39411CA2CEA /* Other Sources */,
				29B97317FDCFA39411CA2CEA /* Resources */,
				29B97323FDCFA39411CA2CEA /* Frameworks */,
				19C28FACFE9D520D11CA2CBB /* Products */,
			);
			name = Divvy;
			sourceTree = "<group>";
		};
		29B97315FDCFA39411CA2CEA /* Other Sources */ = {
			isa = PBXGroup;
			children = (
				D7BC2CFA1178FF2000A37DF2 /* assignment.cl */,
				D7BC2CFB1178FF2000A37DF2 /* move.cl */,
				256AC3F00F4B6AF500CF3369 /* Divvy_Prefix.pch */,
				29B97316FDCFA39411CA2CEA /* main.m */,
			);
			name = "Other Sources";
			sourceTree = "<group>";
		};
		29B97317FDCFA39411CA2CEA /* Resources */ = {
			isa = PBXGroup;
			children = (
				8D1107310486CEB800E47090 /* Divvy-Info.plist */,
				089C165CFE840E0CC02AAC07 /* InfoPlist.strings */,
				1DDD58140DA1D0A300B32029 /* MainMenu.xib */,
				D7764F2E1378B40400F7F49F /* ClustererPanel.xib */,
				D7764F361378B65A00F7F49F /* DatasetsPanel.xib */,
				D7764F5C137B4CDE00F7F49F /* DatasetWindow.xib */,
			);
			name = Resources;
			sourceTree = "<group>";
		};
		29B97323FDCFA39411CA2CEA /* Frameworks */ = {
			isa = PBXGroup;
			children = (
				1058C7A0FEA54F0111CA2CBB /* Linked Frameworks */,
				1058C7A2FEA54F0111CA2CBB /* Other Frameworks */,
			);
			name = Frameworks;
			sourceTree = "<group>";
		};
		D771613B138C3FCA00C70C36 /* Implementers */ = {
			isa = PBXGroup;
			children = (
				D7716140138C409500C70C36 /* DivvyScatterPlot.h */,
				D7716141138C409500C70C36 /* DivvyScatterPlot.m */,
				D7B1946713981F5B00BF1EC7 /* DivvyZhu.h */,
				D7B1946813981F5B00BF1EC7 /* DivvyZhu.m */,
				D7B1956D13983D4C00BF1EC7 /* DivvyKMeans.h */,
				D7B1956E13983D4C00BF1EC7 /* DivvyKMeans.m */,
				D7B1957613983DE500BF1EC7 /* DivvyPCA.h */,
				D7B1957713983DE500BF1EC7 /* DivvyPCA.m */,
			);
			name = Implementers;
			sourceTree = "<group>";
		};
		D7764EEE13788C3100F7F49F /* Models */ = {
			isa = PBXGroup;
			children = (
				D7764EF313788C9A00F7F49F /* Divvy_DataModel.xcdatamodel */,
			);
			name = Models;
			sourceTree = "<group>";
		};
/* End PBXGroup section */

/* Begin PBXNativeTarget section */
		8D1107260486CEB800E47090 /* Divvy */ = {
			isa = PBXNativeTarget;
			buildConfigurationList = C01FCF4A08A954540054247B /* Build configuration list for PBXNativeTarget "Divvy" */;
			buildPhases = (
				8D1107290486CEB800E47090 /* Resources */,
				8D11072C0486CEB800E47090 /* Sources */,
				8D11072E0486CEB800E47090 /* Frameworks */,
			);
			buildRules = (
			);
			dependencies = (
			);
			name = Divvy;
			productInstallPath = "$(HOME)/Applications";
			productName = Divvy;
			productReference = 8D1107320486CEB800E47090 /* Divvy.app */;
			productType = "com.apple.product-type.application";
		};
/* End PBXNativeTarget section */

/* Begin PBXProject section */
		29B97313FDCFA39411CA2CEA /* Project object */ = {
			isa = PBXProject;
			buildConfigurationList = C01FCF4E08A954540054247B /* Build configuration list for PBXProject "Divvy" */;
			compatibilityVersion = "Xcode 3.1";
			developmentRegion = English;
			hasScannedForEncodings = 1;
			knownRegions = (
				English,
				Japanese,
				French,
				German,
			);
			mainGroup = 29B97314FDCFA39411CA2CEA /* Divvy */;
			projectDirPath = "";
			projectRoot = "";
			targets = (
				8D1107260486CEB800E47090 /* Divvy */,
			);
		};
/* End PBXProject section */

/* Begin PBXResourcesBuildPhase section */
		8D1107290486CEB800E47090 /* Resources */ = {
			isa = PBXResourcesBuildPhase;
			buildActionMask = 2147483647;
			files = (
				8D11072B0486CEB800E47090 /* InfoPlist.strings in Resources */,
				1DDD58160DA1D0A300B32029 /* MainMenu.xib in Resources */,
				D7764F2F1378B40400F7F49F /* ClustererPanel.xib in Resources */,
				D7764F371378B65A00F7F49F /* DatasetsPanel.xib in Resources */,
				D7764F5D137B4CDE00F7F49F /* DatasetWindow.xib in Resources */,
			);
			runOnlyForDeploymentPostprocessing = 0;
		};
/* End PBXResourcesBuildPhase section */

/* Begin PBXSourcesBuildPhase section */
		8D11072C0486CEB800E47090 /* Sources */ = {
			isa = PBXSourcesBuildPhase;
			buildActionMask = 2147483647;
			files = (
				8D11072D0486CEB800E47090 /* main.m in Sources */,
				256AC3DA0F4B6AC300CF3369 /* DivvyAppDelegate.m in Sources */,
				D7B78C68116A8D2100D363A2 /* DivvyController.m in Sources */,
				D7EF07981173C5BB007FFCD1 /* DivvyModel.m in Sources */,
				D7764EF413788C9A00F7F49F /* Divvy_DataModel.xcdatamodel in Sources */,
				D7764F46137B4A9900F7F49F /* DivvyDataset.m in Sources */,
				D7DD89C4137C70A400DADC35 /* DivvyDatasetsPanel.m in Sources */,
				D7DD8B4F137C9A7200DADC35 /* DivvyDatasetWindow.m in Sources */,
				D7DD8BE11381DEBA00DADC35 /* DivvyDatasetView.m in Sources */,
				D7DD8D6C13846A7400DADC35 /* DivvyClustererPanel.m in Sources */,
				D7716126138C3D1200C70C36 /* DivvyDatasetVisualizer.m in Sources */,
				D7716142138C409500C70C36 /* DivvyScatterPlot.m in Sources */,
				D7B1944013981BF200BF1EC7 /* DivvyPointVisualizer.m in Sources */,
				D7B1946913981F5B00BF1EC7 /* DivvyZhu.m in Sources */,
				D7B1956C13983CDA00BF1EC7 /* DivvyClusterer.m in Sources */,
				D7B1956F13983D4C00BF1EC7 /* DivvyKMeans.m in Sources */,
				D7B1957513983DC200BF1EC7 /* DivvyReducer.m in Sources */,
				D7B1957813983DE500BF1EC7 /* DivvyPCA.m in Sources */,
			);
			runOnlyForDeploymentPostprocessing = 0;
		};
/* End PBXSourcesBuildPhase section */

/* Begin PBXVariantGroup section */
		089C165CFE840E0CC02AAC07 /* InfoPlist.strings */ = {
			isa = PBXVariantGroup;
			children = (
				089C165DFE840E0CC02AAC07 /* English */,
			);
			name = InfoPlist.strings;
			sourceTree = "<group>";
		};
		1DDD58140DA1D0A300B32029 /* MainMenu.xib */ = {
			isa = PBXVariantGroup;
			children = (
				1DDD58150DA1D0A300B32029 /* English */,
			);
			name = MainMenu.xib;
			sourceTree = "<group>";
		};
/* End PBXVariantGroup section */

/* Begin XCBuildConfiguration section */
		C01FCF4B08A954540054247B /* Debug */ = {
			isa = XCBuildConfiguration;
			buildSettings = {
				ALWAYS_SEARCH_USER_PATHS = NO;
				COPY_PHASE_STRIP = NO;
				GCC_DYNAMIC_NO_PIC = NO;
				GCC_ENABLE_FIX_AND_CONTINUE = YES;
				GCC_MODEL_TUNING = G5;
				GCC_OPTIMIZATION_LEVEL = 0;
				GCC_PRECOMPILE_PREFIX_HEADER = YES;
				GCC_PREFIX_HEADER = Divvy_Prefix.pch;
				INFOPLIST_FILE = "Divvy-Info.plist";
				INSTALL_PATH = "$(HOME)/Applications";
				PRODUCT_NAME = Divvy;
			};
			name = Debug;
		};
		C01FCF4C08A954540054247B /* Release */ = {
			isa = XCBuildConfiguration;
			buildSettings = {
				ALWAYS_SEARCH_USER_PATHS = NO;
				DEBUG_INFORMATION_FORMAT = "dwarf-with-dsym";
				GCC_MODEL_TUNING = G5;
				GCC_PRECOMPILE_PREFIX_HEADER = YES;
				GCC_PREFIX_HEADER = Divvy_Prefix.pch;
				INFOPLIST_FILE = "Divvy-Info.plist";
				INSTALL_PATH = "$(HOME)/Applications";
				PRODUCT_NAME = Divvy;
			};
			name = Release;
		};
		C01FCF4F08A954540054247B /* Debug */ = {
			isa = XCBuildConfiguration;
			buildSettings = {
				ARCHS = "$(ARCHS_STANDARD_64_BIT)";
				ENABLE_OPENMP_SUPPORT = YES;
				GCC_C_LANGUAGE_STANDARD = gnu99;
				GCC_OPTIMIZATION_LEVEL = 3;
				GCC_VERSION = "";
				GCC_WARN_ABOUT_RETURN_TYPE = YES;
				GCC_WARN_UNUSED_VARIABLE = YES;
				MOMC_NO_INVERSE_RELATIONSHIP_WARNINGS = YES;
				ONLY_ACTIVE_ARCH = YES;
				PREBINDING = NO;
				SDKROOT = macosx10.6;
			};
			name = Debug;
		};
		C01FCF5008A954540054247B /* Release */ = {
			isa = XCBuildConfiguration;
			buildSettings = {
				ARCHS = "$(ARCHS_STANDARD_64_BIT)";
				GCC_C_LANGUAGE_STANDARD = gnu99;
				GCC_WARN_ABOUT_RETURN_TYPE = YES;
				GCC_WARN_UNUSED_VARIABLE = YES;
				PREBINDING = NO;
				SDKROOT = macosx10.6;
			};
			name = Release;
		};
/* End XCBuildConfiguration section */

/* Begin XCConfigurationList section */
		C01FCF4A08A954540054247B /* Build configuration list for PBXNativeTarget "Divvy" */ = {
			isa = XCConfigurationList;
			buildConfigurations = (
				C01FCF4B08A954540054247B /* Debug */,
				C01FCF4C08A954540054247B /* Release */,
			);
			defaultConfigurationIsVisible = 0;
			defaultConfigurationName = Release;
		};
		C01FCF4E08A954540054247B /* Build configuration list for PBXProject "Divvy" */ = {
			isa = XCConfigurationList;
			buildConfigurations = (
				C01FCF4F08A954540054247B /* Debug */,
				C01FCF5008A954540054247B /* Release */,
			);
			defaultConfigurationIsVisible = 0;
			defaultConfigurationName = Release;
		};
/* End XCConfigurationList section */
	};
	rootObject = 29B97313FDCFA39411CA2CEA /* Project object */;
}
