// !$*UTF8*$!
{
	archiveVersion = 1;
	classes = {
	};
	objectVersion = 45;
	objects = {

/* Begin PBXBuildFile section */
		0D55DC7613FAA05A000ADAFB /* DivvyPCA.xib in Resources */ = {isa = PBXBuildFile; fileRef = 0D55DC7513FAA05A000ADAFB /* DivvyPCA.xib */; };
		0D55DC7713FAA081000ADAFB /* DivvyPCA.m in Sources */ = {isa = PBXBuildFile; fileRef = D7B1957713983DE500BF1EC7 /* DivvyPCA.m */; };
		0D55DC7813FAA081000ADAFB /* pca.c in Sources */ = {isa = PBXBuildFile; fileRef = 0D55DC6F13FAA04A000ADAFB /* pca.c */; };
		0D55DC7913FAA081000ADAFB /* DivvyPCAController.m in Sources */ = {isa = PBXBuildFile; fileRef = 0D55DC7313FAA056000ADAFB /* DivvyPCAController.m */; };
		0D55DC7A13FAA087000ADAFB /* DivvyPCA.xib in Resources */ = {isa = PBXBuildFile; fileRef = 0D55DC7513FAA05A000ADAFB /* DivvyPCA.xib */; };
		0D55DC8213FAA0A1000ADAFB /* Accelerate.framework in Frameworks */ = {isa = PBXBuildFile; fileRef = D77DF783118636A2009C1946 /* Accelerate.framework */; };
		0D55DC8313FAA0A1000ADAFB /* Cocoa.framework in Frameworks */ = {isa = PBXBuildFile; fileRef = D730D27713B5297E00E01F31 /* Cocoa.framework */; };
		0D55DCB213FAA128000ADAFB /* DivvyPCA.xcdatamodel in Sources */ = {isa = PBXBuildFile; fileRef = D7A24D9713F32105001AD337 /* DivvyPCA.xcdatamodel */; };
		1DDD58160DA1D0A300B32029 /* MainMenu.xib in Resources */ = {isa = PBXBuildFile; fileRef = 1DDD58140DA1D0A300B32029 /* MainMenu.xib */; };
		256AC3DA0F4B6AC300CF3369 /* DivvyAppDelegate.m in Sources */ = {isa = PBXBuildFile; fileRef = 256AC3D90F4B6AC300CF3369 /* DivvyAppDelegate.m */; };
		8D11072B0486CEB800E47090 /* InfoPlist.strings in Resources */ = {isa = PBXBuildFile; fileRef = 089C165CFE840E0CC02AAC07 /* InfoPlist.strings */; };
		8D11072D0486CEB800E47090 /* main.m in Sources */ = {isa = PBXBuildFile; fileRef = 29B97316FDCFA39411CA2CEA /* main.m */; settings = {ATTRIBUTES = (); }; };
		8D11072F0486CEB800E47090 /* Cocoa.framework in Frameworks */ = {isa = PBXBuildFile; fileRef = 1058C7A1FEA54F0111CA2CBB /* Cocoa.framework */; };
		D704B6A713E088A2002692E9 /* DivvyScatterPlot.m in Sources */ = {isa = PBXBuildFile; fileRef = D7716141138C409500C70C36 /* DivvyScatterPlot.m */; };
		D704B6A813E088A8002692E9 /* DivvyScatterPlot.xcdatamodel in Sources */ = {isa = PBXBuildFile; fileRef = D704B69913E08829002692E9 /* DivvyScatterPlot.xcdatamodel */; };
		D704B6AC13E088D8002692E9 /* DivvyScatterPlot.xib in Resources */ = {isa = PBXBuildFile; fileRef = D704B6AB13E088D8002692E9 /* DivvyScatterPlot.xib */; };
		D704B6AF13E088EC002692E9 /* DivvyScatterPlotController.m in Sources */ = {isa = PBXBuildFile; fileRef = D704B6AE13E088EC002692E9 /* DivvyScatterPlotController.m */; };
		D704B6B513E08C67002692E9 /* Cocoa.framework in Frameworks */ = {isa = PBXBuildFile; fileRef = D730D27713B5297E00E01F31 /* Cocoa.framework */; };
		D704B88D13E1ED83002692E9 /* DivvyNilClusterer.m in Sources */ = {isa = PBXBuildFile; fileRef = D704B88213E1ED51002692E9 /* DivvyNilClusterer.m */; };
		D704B89013E1EDE1002692E9 /* DivvyNilClustererController.m in Sources */ = {isa = PBXBuildFile; fileRef = D704B88F13E1EDE1002692E9 /* DivvyNilClustererController.m */; };
		D704B89213E1EDF2002692E9 /* DivvyNilClusterer.xcdatamodel in Sources */ = {isa = PBXBuildFile; fileRef = D704B89113E1EDF2002692E9 /* DivvyNilClusterer.xcdatamodel */; };
		D704B89413E1EE41002692E9 /* DivvyNilClusterer.xib in Resources */ = {isa = PBXBuildFile; fileRef = D704B89313E1EE41002692E9 /* DivvyNilClusterer.xib */; };
		D704B89A13E1F088002692E9 /* DivvyDataset.h in Headers */ = {isa = PBXBuildFile; fileRef = D7764F44137B4A9900F7F49F /* DivvyDataset.h */; };
		D704B89F13E1F0F6002692E9 /* Cocoa.framework in Frameworks */ = {isa = PBXBuildFile; fileRef = 1058C7A1FEA54F0111CA2CBB /* Cocoa.framework */; };
		D72E1D0E116FC6F8000D3D95 /* OpenGL.framework in Frameworks */ = {isa = PBXBuildFile; fileRef = D72E1D0D116FC6F8000D3D95 /* OpenGL.framework */; };
		D730D24D13B527E800E01F31 /* DivvyClusterer.h in Headers */ = {isa = PBXBuildFile; fileRef = D73A292813B26AC60046EDE1 /* DivvyClusterer.h */; };
		D730D24E13B527E800E01F31 /* DivvyDatasetVisualizer.h in Headers */ = {isa = PBXBuildFile; fileRef = D7716124138C3D1200C70C36 /* DivvyDatasetVisualizer.h */; };
		D730D24F13B527E800E01F31 /* DivvyPointVisualizer.h in Headers */ = {isa = PBXBuildFile; fileRef = D7B1943E13981BF200BF1EC7 /* DivvyPointVisualizer.h */; };
		D730D25013B527E800E01F31 /* DivvyReducer.h in Headers */ = {isa = PBXBuildFile; fileRef = D7B1957313983DC200BF1EC7 /* DivvyReducer.h */; };
		D730D25113B527EF00E01F31 /* DivvyAppDelegate.h in Headers */ = {isa = PBXBuildFile; fileRef = 256AC3D80F4B6AC300CF3369 /* DivvyAppDelegate.h */; };
		D730D25313B5281E00E01F31 /* DivvyKMeans.m in Sources */ = {isa = PBXBuildFile; fileRef = D7B1956E13983D4C00BF1EC7 /* DivvyKMeans.m */; };
		D730D25513B5281E00E01F31 /* DivvyKMeansController.m in Sources */ = {isa = PBXBuildFile; fileRef = D7DD8D6B13846A7400DADC35 /* DivvyKMeansController.m */; };
		D730D25813B5281E00E01F31 /* DivvyKMeans.xcdatamodel in Sources */ = {isa = PBXBuildFile; fileRef = D730D22D13B5266500E01F31 /* DivvyKMeans.xcdatamodel */; };
		D730D27113B5287200E01F31 /* DivvyKMeans.xib in Resources */ = {isa = PBXBuildFile; fileRef = D730D27013B5287200E01F31 /* DivvyKMeans.xib */; };
		D730D27B13B5298300E01F31 /* Cocoa.framework in Frameworks */ = {isa = PBXBuildFile; fileRef = D730D27713B5297E00E01F31 /* Cocoa.framework */; };
		D730D28213B52AE200E01F31 /* DivvyDatasetViewPanel.m in Sources */ = {isa = PBXBuildFile; fileRef = D730D28113B52AE200E01F31 /* DivvyDatasetViewPanel.m */; };
		D730D28A13B52BD500E01F31 /* Accelerate.framework in Frameworks */ = {isa = PBXBuildFile; fileRef = D77DF783118636A2009C1946 /* Accelerate.framework */; };
		D730D28B13B52BE600E01F31 /* OpenCL.framework in Frameworks */ = {isa = PBXBuildFile; fileRef = D7BC2DB111790CE700A37DF2 /* OpenCL.framework */; };
		D730D2E513B5307400E01F31 /* kmeans.c in Sources */ = {isa = PBXBuildFile; fileRef = D76454F013A6A333000B4038 /* kmeans.c */; };
		D730D31313B5334C00E01F31 /* Divvy_Prefix.pch in Headers */ = {isa = PBXBuildFile; fileRef = 256AC3F00F4B6AF500CF3369 /* Divvy_Prefix.pch */; };
		D74C66DF13DF36F900CC5BB2 /* DivvyPluginManager.m in Sources */ = {isa = PBXBuildFile; fileRef = D74C66DE13DF36F900CC5BB2 /* DivvyPluginManager.m */; };
		D7764EF413788C9A00F7F49F /* Divvy_DataModel.xcdatamodel in Sources */ = {isa = PBXBuildFile; fileRef = D7764EF313788C9A00F7F49F /* Divvy_DataModel.xcdatamodel */; };
		D7764F2F1378B40400F7F49F /* DatasetViewPanel.xib in Resources */ = {isa = PBXBuildFile; fileRef = D7764F2E1378B40400F7F49F /* DatasetViewPanel.xib */; };
		D7764F371378B65A00F7F49F /* DatasetsPanel.xib in Resources */ = {isa = PBXBuildFile; fileRef = D7764F361378B65A00F7F49F /* DatasetsPanel.xib */; };
		D7764F46137B4A9900F7F49F /* DivvyDataset.m in Sources */ = {isa = PBXBuildFile; fileRef = D7764F45137B4A9900F7F49F /* DivvyDataset.m */; };
		D7764F5D137B4CDE00F7F49F /* DatasetWindow.xib in Resources */ = {isa = PBXBuildFile; fileRef = D7764F5C137B4CDE00F7F49F /* DatasetWindow.xib */; };
		D77DF784118636A2009C1946 /* Accelerate.framework in Frameworks */ = {isa = PBXBuildFile; fileRef = D77DF783118636A2009C1946 /* Accelerate.framework */; };
		D7A24D9613F320AE001AD337 /* DivvyZhu.xcdatamodel in Sources */ = {isa = PBXBuildFile; fileRef = D7A24D9513F320AE001AD337 /* DivvyZhu.xcdatamodel */; };
		D7A24D9913F3212F001AD337 /* DivvyZhu.xib in Resources */ = {isa = PBXBuildFile; fileRef = D7A24D9813F3212F001AD337 /* DivvyZhu.xib */; };
		D7A24D9C13F3214D001AD337 /* DivvyZhuController.m in Sources */ = {isa = PBXBuildFile; fileRef = D7A24D9B13F3214D001AD337 /* DivvyZhuController.m */; };
		D7A24D9F13F32192001AD337 /* DivvyNilReducer.m in Sources */ = {isa = PBXBuildFile; fileRef = D7A24D9E13F32192001AD337 /* DivvyNilReducer.m */; };
		D7A24DA213F3219F001AD337 /* DivvyNilReducerController.m in Sources */ = {isa = PBXBuildFile; fileRef = D7A24DA113F3219F001AD337 /* DivvyNilReducerController.m */; };
		D7A24DA413F321AC001AD337 /* DivvyNilReducer.xib in Resources */ = {isa = PBXBuildFile; fileRef = D7A24DA313F321AC001AD337 /* DivvyNilReducer.xib */; };
		D7A24DA613F321B9001AD337 /* DivvyNilReducer.xcdatamodel in Sources */ = {isa = PBXBuildFile; fileRef = D7A24DA513F321B9001AD337 /* DivvyNilReducer.xcdatamodel */; };
		D7A24DAB13F322A8001AD337 /* Cocoa.framework in Frameworks */ = {isa = PBXBuildFile; fileRef = 1058C7A1FEA54F0111CA2CBB /* Cocoa.framework */; };
		D7A24DAE13F322B4001AD337 /* DivvyZhu.m in Sources */ = {isa = PBXBuildFile; fileRef = D7B1946813981F5B00BF1EC7 /* DivvyZhu.m */; };
		D7A24DAF13F322BC001AD337 /* Cocoa.framework in Frameworks */ = {isa = PBXBuildFile; fileRef = 1058C7A1FEA54F0111CA2CBB /* Cocoa.framework */; };
		D7B78CBE116A8FEE00D363A2 /* QuartzCore.framework in Frameworks */ = {isa = PBXBuildFile; fileRef = D7B78CBD116A8FEE00D363A2 /* QuartzCore.framework */; };
		D7BC2DB211790CE700A37DF2 /* OpenCL.framework in Frameworks */ = {isa = PBXBuildFile; fileRef = D7BC2DB111790CE700A37DF2 /* OpenCL.framework */; };
		D7DD89C4137C70A400DADC35 /* DivvyDatasetsPanel.m in Sources */ = {isa = PBXBuildFile; fileRef = D7DD89C3137C70A400DADC35 /* DivvyDatasetsPanel.m */; };
		D7DD8B4F137C9A7200DADC35 /* DivvyDatasetWindow.m in Sources */ = {isa = PBXBuildFile; fileRef = D7DD8B4E137C9A7200DADC35 /* DivvyDatasetWindow.m */; };
		D7DD8B6D137C9D6700DADC35 /* Quartz.framework in Frameworks */ = {isa = PBXBuildFile; fileRef = D7DD8B6C137C9D6700DADC35 /* Quartz.framework */; };
		D7DD8BE11381DEBA00DADC35 /* DivvyDatasetView.m in Sources */ = {isa = PBXBuildFile; fileRef = D7DD8BE01381DEBA00DADC35 /* DivvyDatasetView.m */; };
/* End PBXBuildFile section */

/* Begin PBXContainerItemProxy section */
		0D55DCAC13FAA0D2000ADAFB /* PBXContainerItemProxy */ = {
			isa = PBXContainerItemProxy;
			containerPortal = 29B97313FDCFA39411CA2CEA /* Project object */;
			proxyType = 1;
			remoteGlobalIDString = 0D55DC5C13FA9FCA000ADAFB;
			remoteInfo = DivvyPCA;
		};
		D704B6A913E088B1002692E9 /* PBXContainerItemProxy */ = {
			isa = PBXContainerItemProxy;
			containerPortal = 29B97313FDCFA39411CA2CEA /* Project object */;
			proxyType = 1;
			remoteGlobalIDString = D704B6A013E08871002692E9;
			remoteInfo = DivvyScatterPlot;
		};
		D704B89613E1F057002692E9 /* PBXContainerItemProxy */ = {
			isa = PBXContainerItemProxy;
			containerPortal = 29B97313FDCFA39411CA2CEA /* Project object */;
			proxyType = 1;
			remoteGlobalIDString = D704B88613E1ED5E002692E9;
			remoteInfo = DivvyNilClusterer;
		};
		D74C691D13DF6A9000CC5BB2 /* PBXContainerItemProxy */ = {
			isa = PBXContainerItemProxy;
			containerPortal = 29B97313FDCFA39411CA2CEA /* Project object */;
			proxyType = 1;
			remoteGlobalIDString = D730D23313B526A800E01F31;
			remoteInfo = DivvyPlugin;
		};
		D74C691F13DF6A9200CC5BB2 /* PBXContainerItemProxy */ = {
			isa = PBXContainerItemProxy;
			containerPortal = 29B97313FDCFA39411CA2CEA /* Project object */;
			proxyType = 1;
			remoteGlobalIDString = D730D23E13B5271A00E01F31;
			remoteInfo = DivvyKMeans;
		};
		D7A24DA713F3225C001AD337 /* PBXContainerItemProxy */ = {
			isa = PBXContainerItemProxy;
			containerPortal = 29B97313FDCFA39411CA2CEA /* Project object */;
			proxyType = 1;
			remoteGlobalIDString = D7A24D8313F32039001AD337;
			remoteInfo = DivvyNilReducer;
		};
		D7A24DA913F3225C001AD337 /* PBXContainerItemProxy */ = {
			isa = PBXContainerItemProxy;
			containerPortal = 29B97313FDCFA39411CA2CEA /* Project object */;
			proxyType = 1;
			remoteGlobalIDString = D7A24D8D13F3204A001AD337;
			remoteInfo = DivvyZhu;
		};
/* End PBXContainerItemProxy section */

/* Begin PBXFileReference section */
		089C165DFE840E0CC02AAC07 /* English */ = {isa = PBXFileReference; fileEncoding = 4; lastKnownFileType = text.plist.strings; name = English; path = English.lproj/InfoPlist.strings; sourceTree = "<group>"; };
		0D55DC5D13FA9FCA000ADAFB /* DivvyPCA.plugin */ = {isa = PBXFileReference; explicitFileType = wrapper.cfbundle; includeInIndex = 0; path = DivvyPCA.plugin; sourceTree = BUILT_PRODUCTS_DIR; };
		0D55DC5E13FA9FCA000ADAFB /* DivvyPCA-Info.plist */ = {isa = PBXFileReference; lastKnownFileType = text.plist.xml; path = "DivvyPCA-Info.plist"; sourceTree = "<group>"; };
		0D55DC6F13FAA04A000ADAFB /* pca.c */ = {isa = PBXFileReference; fileEncoding = 4; lastKnownFileType = sourcecode.c.c; path = pca.c; sourceTree = "<group>"; };
		0D55DC7013FAA04A000ADAFB /* pca.h */ = {isa = PBXFileReference; fileEncoding = 4; lastKnownFileType = sourcecode.c.h; path = pca.h; sourceTree = "<group>"; };
		0D55DC7213FAA056000ADAFB /* DivvyPCAController.h */ = {isa = PBXFileReference; fileEncoding = 4; lastKnownFileType = sourcecode.c.h; path = DivvyPCAController.h; sourceTree = "<group>"; };
		0D55DC7313FAA056000ADAFB /* DivvyPCAController.m */ = {isa = PBXFileReference; fileEncoding = 4; lastKnownFileType = sourcecode.c.objc; path = DivvyPCAController.m; sourceTree = "<group>"; };
		0D55DC7513FAA05A000ADAFB /* DivvyPCA.xib */ = {isa = PBXFileReference; lastKnownFileType = file.xib; path = DivvyPCA.xib; sourceTree = "<group>"; };
		1058C7A1FEA54F0111CA2CBB /* Cocoa.framework */ = {isa = PBXFileReference; lastKnownFileType = wrapper.framework; name = Cocoa.framework; path = /System/Library/Frameworks/Cocoa.framework; sourceTree = "<absolute>"; };
		13E42FB307B3F0F600E4EEF1 /* CoreData.framework */ = {isa = PBXFileReference; lastKnownFileType = wrapper.framework; name = CoreData.framework; path = /System/Library/Frameworks/CoreData.framework; sourceTree = "<absolute>"; };
		1DDD58150DA1D0A300B32029 /* English */ = {isa = PBXFileReference; lastKnownFileType = file.xib; name = English; path = English.lproj/MainMenu.xib; sourceTree = "<group>"; };
		256AC3D80F4B6AC300CF3369 /* DivvyAppDelegate.h */ = {isa = PBXFileReference; fileEncoding = 4; lastKnownFileType = sourcecode.c.h; path = DivvyAppDelegate.h; sourceTree = "<group>"; };
		256AC3D90F4B6AC300CF3369 /* DivvyAppDelegate.m */ = {isa = PBXFileReference; fileEncoding = 4; lastKnownFileType = sourcecode.c.objc; path = DivvyAppDelegate.m; sourceTree = "<group>"; };
		256AC3F00F4B6AF500CF3369 /* Divvy_Prefix.pch */ = {isa = PBXFileReference; fileEncoding = 4; lastKnownFileType = sourcecode.c.h; path = Divvy_Prefix.pch; sourceTree = "<group>"; };
		29B97316FDCFA39411CA2CEA /* main.m */ = {isa = PBXFileReference; fileEncoding = 4; lastKnownFileType = sourcecode.c.objc; path = main.m; sourceTree = "<group>"; };
		29B97324FDCFA39411CA2CEA /* AppKit.framework */ = {isa = PBXFileReference; lastKnownFileType = wrapper.framework; name = AppKit.framework; path = /System/Library/Frameworks/AppKit.framework; sourceTree = "<absolute>"; };
		29B97325FDCFA39411CA2CEA /* Foundation.framework */ = {isa = PBXFileReference; lastKnownFileType = wrapper.framework; name = Foundation.framework; path = /System/Library/Frameworks/Foundation.framework; sourceTree = "<absolute>"; };
		8D1107310486CEB800E47090 /* Divvy-Info.plist */ = {isa = PBXFileReference; fileEncoding = 4; lastKnownFileType = text.plist.xml; path = "Divvy-Info.plist"; sourceTree = "<group>"; };
		8D1107320486CEB800E47090 /* Divvy.app */ = {isa = PBXFileReference; explicitFileType = wrapper.application; includeInIndex = 0; path = Divvy.app; sourceTree = BUILT_PRODUCTS_DIR; };
		D704B69913E08829002692E9 /* DivvyScatterPlot.xcdatamodel */ = {isa = PBXFileReference; fileEncoding = 4; lastKnownFileType = wrapper.xcdatamodel; path = DivvyScatterPlot.xcdatamodel; sourceTree = "<group>"; };
		D704B6A113E08871002692E9 /* DivvyScatterPlot.plugin */ = {isa = PBXFileReference; explicitFileType = wrapper.cfbundle; includeInIndex = 0; path = DivvyScatterPlot.plugin; sourceTree = BUILT_PRODUCTS_DIR; };
		D704B6A213E08871002692E9 /* DivvyScatterPlot-Info.plist */ = {isa = PBXFileReference; lastKnownFileType = text.plist.xml; path = "DivvyScatterPlot-Info.plist"; sourceTree = "<group>"; };
		D704B6AB13E088D8002692E9 /* DivvyScatterPlot.xib */ = {isa = PBXFileReference; lastKnownFileType = file.xib; path = DivvyScatterPlot.xib; sourceTree = "<group>"; };
		D704B6AD13E088EC002692E9 /* DivvyScatterPlotController.h */ = {isa = PBXFileReference; fileEncoding = 4; lastKnownFileType = sourcecode.c.h; path = DivvyScatterPlotController.h; sourceTree = "<group>"; };
		D704B6AE13E088EC002692E9 /* DivvyScatterPlotController.m */ = {isa = PBXFileReference; fileEncoding = 4; lastKnownFileType = sourcecode.c.objc; path = DivvyScatterPlotController.m; sourceTree = "<group>"; };
		D704B88113E1ED51002692E9 /* DivvyNilClusterer.h */ = {isa = PBXFileReference; fileEncoding = 4; lastKnownFileType = sourcecode.c.h; path = DivvyNilClusterer.h; sourceTree = "<group>"; };
		D704B88213E1ED51002692E9 /* DivvyNilClusterer.m */ = {isa = PBXFileReference; fileEncoding = 4; lastKnownFileType = sourcecode.c.objc; path = DivvyNilClusterer.m; sourceTree = "<group>"; };
		D704B88713E1ED5E002692E9 /* DivvyNilClusterer.plugin */ = {isa = PBXFileReference; explicitFileType = wrapper.cfbundle; includeInIndex = 0; path = DivvyNilClusterer.plugin; sourceTree = BUILT_PRODUCTS_DIR; };
		D704B88813E1ED5E002692E9 /* DivvyNilClusterer-Info.plist */ = {isa = PBXFileReference; lastKnownFileType = text.plist.xml; path = "DivvyNilClusterer-Info.plist"; sourceTree = "<group>"; };
		D704B88E13E1EDE1002692E9 /* DivvyNilClustererController.h */ = {isa = PBXFileReference; fileEncoding = 4; lastKnownFileType = sourcecode.c.h; path = DivvyNilClustererController.h; sourceTree = "<group>"; };
		D704B88F13E1EDE1002692E9 /* DivvyNilClustererController.m */ = {isa = PBXFileReference; fileEncoding = 4; lastKnownFileType = sourcecode.c.objc; path = DivvyNilClustererController.m; sourceTree = "<group>"; };
		D704B89113E1EDF2002692E9 /* DivvyNilClusterer.xcdatamodel */ = {isa = PBXFileReference; fileEncoding = 4; lastKnownFileType = wrapper.xcdatamodel; path = DivvyNilClusterer.xcdatamodel; sourceTree = "<group>"; };
		D704B89313E1EE41002692E9 /* DivvyNilClusterer.xib */ = {isa = PBXFileReference; lastKnownFileType = file.xib; path = DivvyNilClusterer.xib; sourceTree = "<group>"; };
		D72E1D0D116FC6F8000D3D95 /* OpenGL.framework */ = {isa = PBXFileReference; lastKnownFileType = wrapper.framework; name = OpenGL.framework; path = System/Library/Frameworks/OpenGL.framework; sourceTree = SDKROOT; };
		D730D22D13B5266500E01F31 /* DivvyKMeans.xcdatamodel */ = {isa = PBXFileReference; fileEncoding = 4; lastKnownFileType = wrapper.xcdatamodel; path = DivvyKMeans.xcdatamodel; sourceTree = "<group>"; };
		D730D23413B526A800E01F31 /* DivvyPlugin.framework */ = {isa = PBXFileReference; explicitFileType = wrapper.framework; includeInIndex = 0; path = DivvyPlugin.framework; sourceTree = BUILT_PRODUCTS_DIR; };
		D730D23513B526A800E01F31 /* DivvyPlugin-Info.plist */ = {isa = PBXFileReference; lastKnownFileType = text.plist.xml; path = "DivvyPlugin-Info.plist"; sourceTree = "<group>"; };
		D730D23F13B5271A00E01F31 /* DivvyKMeans.plugin */ = {isa = PBXFileReference; explicitFileType = wrapper.cfbundle; includeInIndex = 0; path = DivvyKMeans.plugin; sourceTree = BUILT_PRODUCTS_DIR; };
		D730D24013B5271A00E01F31 /* DivvyKMeans-Info.plist */ = {isa = PBXFileReference; lastKnownFileType = text.plist.xml; path = "DivvyKMeans-Info.plist"; sourceTree = "<group>"; };
		D730D27013B5287200E01F31 /* DivvyKMeans.xib */ = {isa = PBXFileReference; lastKnownFileType = file.xib; path = DivvyKMeans.xib; sourceTree = "<group>"; };
		D730D27713B5297E00E01F31 /* Cocoa.framework */ = {isa = PBXFileReference; lastKnownFileType = wrapper.framework; name = Cocoa.framework; path = System/Library/Frameworks/Cocoa.framework; sourceTree = SDKROOT; };
		D730D28013B52AE200E01F31 /* DivvyDatasetViewPanel.h */ = {isa = PBXFileReference; fileEncoding = 4; lastKnownFileType = sourcecode.c.h; path = DivvyDatasetViewPanel.h; sourceTree = "<group>"; };
		D730D28113B52AE200E01F31 /* DivvyDatasetViewPanel.m */ = {isa = PBXFileReference; fileEncoding = 4; lastKnownFileType = sourcecode.c.objc; path = DivvyDatasetViewPanel.m; sourceTree = "<group>"; };
		D73A292813B26AC60046EDE1 /* DivvyClusterer.h */ = {isa = PBXFileReference; fileEncoding = 4; lastKnownFileType = sourcecode.c.h; path = DivvyClusterer.h; sourceTree = "<group>"; };
		D74C66DD13DF36F900CC5BB2 /* DivvyPluginManager.h */ = {isa = PBXFileReference; fileEncoding = 4; lastKnownFileType = sourcecode.c.h; path = DivvyPluginManager.h; sourceTree = "<group>"; };
		D74C66DE13DF36F900CC5BB2 /* DivvyPluginManager.m */ = {isa = PBXFileReference; fileEncoding = 4; lastKnownFileType = sourcecode.c.objc; path = DivvyPluginManager.m; sourceTree = "<group>"; };
		D76454EF13A6A333000B4038 /* kmeans.h */ = {isa = PBXFileReference; fileEncoding = 4; lastKnownFileType = sourcecode.c.h; path = kmeans.h; sourceTree = "<group>"; };
		D76454F013A6A333000B4038 /* kmeans.c */ = {isa = PBXFileReference; explicitFileType = sourcecode.c.c; fileEncoding = 4; path = kmeans.c; sourceTree = "<group>"; };
		D7716124138C3D1200C70C36 /* DivvyDatasetVisualizer.h */ = {isa = PBXFileReference; fileEncoding = 4; lastKnownFileType = sourcecode.c.h; path = DivvyDatasetVisualizer.h; sourceTree = "<group>"; };
		D7716140138C409500C70C36 /* DivvyScatterPlot.h */ = {isa = PBXFileReference; fileEncoding = 4; lastKnownFileType = sourcecode.c.h; path = DivvyScatterPlot.h; sourceTree = "<group>"; };
		D7716141138C409500C70C36 /* DivvyScatterPlot.m */ = {isa = PBXFileReference; fileEncoding = 4; lastKnownFileType = sourcecode.c.objc; path = DivvyScatterPlot.m; sourceTree = "<group>"; };
		D7764EF313788C9A00F7F49F /* Divvy_DataModel.xcdatamodel */ = {isa = PBXFileReference; fileEncoding = 4; lastKnownFileType = wrapper.xcdatamodel; path = Divvy_DataModel.xcdatamodel; sourceTree = "<group>"; };
		D7764F2E1378B40400F7F49F /* DatasetViewPanel.xib */ = {isa = PBXFileReference; lastKnownFileType = file.xib; path = DatasetViewPanel.xib; sourceTree = "<group>"; };
		D7764F361378B65A00F7F49F /* DatasetsPanel.xib */ = {isa = PBXFileReference; lastKnownFileType = file.xib; path = DatasetsPanel.xib; sourceTree = "<group>"; };
		D7764F44137B4A9900F7F49F /* DivvyDataset.h */ = {isa = PBXFileReference; fileEncoding = 4; lastKnownFileType = sourcecode.c.h; path = DivvyDataset.h; sourceTree = "<group>"; };
		D7764F45137B4A9900F7F49F /* DivvyDataset.m */ = {isa = PBXFileReference; fileEncoding = 4; lastKnownFileType = sourcecode.c.objc; path = DivvyDataset.m; sourceTree = "<group>"; };
		D7764F5C137B4CDE00F7F49F /* DatasetWindow.xib */ = {isa = PBXFileReference; lastKnownFileType = file.xib; path = DatasetWindow.xib; sourceTree = "<group>"; };
		D77DF783118636A2009C1946 /* Accelerate.framework */ = {isa = PBXFileReference; lastKnownFileType = wrapper.framework; name = Accelerate.framework; path = System/Library/Frameworks/Accelerate.framework; sourceTree = SDKROOT; };
		D7A24D8413F32039001AD337 /* DivvyNilReducer.plugin */ = {isa = PBXFileReference; explicitFileType = wrapper.cfbundle; includeInIndex = 0; path = DivvyNilReducer.plugin; sourceTree = BUILT_PRODUCTS_DIR; };
		D7A24D8513F32039001AD337 /* DivvyNilReducer-Info.plist */ = {isa = PBXFileReference; lastKnownFileType = text.plist.xml; path = "DivvyNilReducer-Info.plist"; sourceTree = "<group>"; };
		D7A24D8E13F3204A001AD337 /* DivvyZhu.plugin */ = {isa = PBXFileReference; explicitFileType = wrapper.cfbundle; includeInIndex = 0; path = DivvyZhu.plugin; sourceTree = BUILT_PRODUCTS_DIR; };
		D7A24D8F13F3204A001AD337 /* DivvyZhu-Info.plist */ = {isa = PBXFileReference; lastKnownFileType = text.plist.xml; path = "DivvyZhu-Info.plist"; sourceTree = "<group>"; };
		D7A24D9513F320AE001AD337 /* DivvyZhu.xcdatamodel */ = {isa = PBXFileReference; fileEncoding = 4; lastKnownFileType = wrapper.xcdatamodel; path = DivvyZhu.xcdatamodel; sourceTree = "<group>"; };
		D7A24D9713F32105001AD337 /* DivvyPCA.xcdatamodel */ = {isa = PBXFileReference; fileEncoding = 4; lastKnownFileType = wrapper.xcdatamodel; path = DivvyPCA.xcdatamodel; sourceTree = "<group>"; };
		D7A24D9813F3212F001AD337 /* DivvyZhu.xib */ = {isa = PBXFileReference; lastKnownFileType = file.xib; path = DivvyZhu.xib; sourceTree = "<group>"; };
		D7A24D9A13F3214D001AD337 /* DivvyZhuController.h */ = {isa = PBXFileReference; fileEncoding = 4; lastKnownFileType = sourcecode.c.h; path = DivvyZhuController.h; sourceTree = "<group>"; };
		D7A24D9B13F3214D001AD337 /* DivvyZhuController.m */ = {isa = PBXFileReference; fileEncoding = 4; lastKnownFileType = sourcecode.c.objc; path = DivvyZhuController.m; sourceTree = "<group>"; };
		D7A24D9D13F32192001AD337 /* DivvyNilReducer.h */ = {isa = PBXFileReference; fileEncoding = 4; lastKnownFileType = sourcecode.c.h; path = DivvyNilReducer.h; sourceTree = "<group>"; };
		D7A24D9E13F32192001AD337 /* DivvyNilReducer.m */ = {isa = PBXFileReference; fileEncoding = 4; lastKnownFileType = sourcecode.c.objc; path = DivvyNilReducer.m; sourceTree = "<group>"; };
		D7A24DA013F3219F001AD337 /* DivvyNilReducerController.h */ = {isa = PBXFileReference; fileEncoding = 4; lastKnownFileType = sourcecode.c.h; path = DivvyNilReducerController.h; sourceTree = "<group>"; };
		D7A24DA113F3219F001AD337 /* DivvyNilReducerController.m */ = {isa = PBXFileReference; fileEncoding = 4; lastKnownFileType = sourcecode.c.objc; path = DivvyNilReducerController.m; sourceTree = "<group>"; };
		D7A24DA313F321AC001AD337 /* DivvyNilReducer.xib */ = {isa = PBXFileReference; lastKnownFileType = file.xib; path = DivvyNilReducer.xib; sourceTree = "<group>"; };
		D7A24DA513F321B9001AD337 /* DivvyNilReducer.xcdatamodel */ = {isa = PBXFileReference; fileEncoding = 4; lastKnownFileType = wrapper.xcdatamodel; path = DivvyNilReducer.xcdatamodel; sourceTree = "<group>"; };
		D7B1943E13981BF200BF1EC7 /* DivvyPointVisualizer.h */ = {isa = PBXFileReference; fileEncoding = 4; lastKnownFileType = sourcecode.c.h; path = DivvyPointVisualizer.h; sourceTree = "<group>"; };
		D7B1946713981F5B00BF1EC7 /* DivvyZhu.h */ = {isa = PBXFileReference; fileEncoding = 4; lastKnownFileType = sourcecode.c.h; path = DivvyZhu.h; sourceTree = "<group>"; };
		D7B1946813981F5B00BF1EC7 /* DivvyZhu.m */ = {isa = PBXFileReference; fileEncoding = 4; lastKnownFileType = sourcecode.c.objc; path = DivvyZhu.m; sourceTree = "<group>"; };
		D7B1956D13983D4C00BF1EC7 /* DivvyKMeans.h */ = {isa = PBXFileReference; fileEncoding = 4; lastKnownFileType = sourcecode.c.h; path = DivvyKMeans.h; sourceTree = "<group>"; };
		D7B1956E13983D4C00BF1EC7 /* DivvyKMeans.m */ = {isa = PBXFileReference; fileEncoding = 4; lastKnownFileType = sourcecode.c.objc; path = DivvyKMeans.m; sourceTree = "<group>"; };
		D7B1957313983DC200BF1EC7 /* DivvyReducer.h */ = {isa = PBXFileReference; fileEncoding = 4; lastKnownFileType = sourcecode.c.h; path = DivvyReducer.h; sourceTree = "<group>"; };
		D7B1957613983DE500BF1EC7 /* DivvyPCA.h */ = {isa = PBXFileReference; fileEncoding = 4; lastKnownFileType = sourcecode.c.h; path = DivvyPCA.h; sourceTree = "<group>"; };
		D7B1957713983DE500BF1EC7 /* DivvyPCA.m */ = {isa = PBXFileReference; fileEncoding = 4; lastKnownFileType = sourcecode.c.objc; path = DivvyPCA.m; sourceTree = "<group>"; };
		D7B78CBD116A8FEE00D363A2 /* QuartzCore.framework */ = {isa = PBXFileReference; lastKnownFileType = wrapper.framework; name = QuartzCore.framework; path = System/Library/Frameworks/QuartzCore.framework; sourceTree = SDKROOT; };
		D7BC2CFA1178FF2000A37DF2 /* assignment.cl */ = {isa = PBXFileReference; fileEncoding = 4; lastKnownFileType = sourcecode.opencl; path = assignment.cl; sourceTree = "<group>"; };
		D7BC2CFB1178FF2000A37DF2 /* move.cl */ = {isa = PBXFileReference; fileEncoding = 4; lastKnownFileType = sourcecode.opencl; path = move.cl; sourceTree = "<group>"; };
		D7BC2DB111790CE700A37DF2 /* OpenCL.framework */ = {isa = PBXFileReference; lastKnownFileType = wrapper.framework; name = OpenCL.framework; path = System/Library/Frameworks/OpenCL.framework; sourceTree = SDKROOT; };
		D7DD89C2137C70A400DADC35 /* DivvyDatasetsPanel.h */ = {isa = PBXFileReference; fileEncoding = 4; lastKnownFileType = sourcecode.c.h; path = DivvyDatasetsPanel.h; sourceTree = "<group>"; };
		D7DD89C3137C70A400DADC35 /* DivvyDatasetsPanel.m */ = {isa = PBXFileReference; fileEncoding = 4; lastKnownFileType = sourcecode.c.objc; path = DivvyDatasetsPanel.m; sourceTree = "<group>"; };
		D7DD8B4D137C9A7200DADC35 /* DivvyDatasetWindow.h */ = {isa = PBXFileReference; fileEncoding = 4; lastKnownFileType = sourcecode.c.h; path = DivvyDatasetWindow.h; sourceTree = "<group>"; };
		D7DD8B4E137C9A7200DADC35 /* DivvyDatasetWindow.m */ = {isa = PBXFileReference; fileEncoding = 4; lastKnownFileType = sourcecode.c.objc; path = DivvyDatasetWindow.m; sourceTree = "<group>"; };
		D7DD8B6C137C9D6700DADC35 /* Quartz.framework */ = {isa = PBXFileReference; lastKnownFileType = wrapper.framework; name = Quartz.framework; path = System/Library/Frameworks/Quartz.framework; sourceTree = SDKROOT; };
		D7DD8BDF1381DEBA00DADC35 /* DivvyDatasetView.h */ = {isa = PBXFileReference; fileEncoding = 4; lastKnownFileType = sourcecode.c.h; path = DivvyDatasetView.h; sourceTree = "<group>"; };
		D7DD8BE01381DEBA00DADC35 /* DivvyDatasetView.m */ = {isa = PBXFileReference; fileEncoding = 4; lastKnownFileType = sourcecode.c.objc; path = DivvyDatasetView.m; sourceTree = "<group>"; };
		D7DD8D6A13846A7400DADC35 /* DivvyKMeansController.h */ = {isa = PBXFileReference; fileEncoding = 4; lastKnownFileType = sourcecode.c.h; path = DivvyKMeansController.h; sourceTree = "<group>"; };
		D7DD8D6B13846A7400DADC35 /* DivvyKMeansController.m */ = {isa = PBXFileReference; fileEncoding = 4; lastKnownFileType = sourcecode.c.objc; path = DivvyKMeansController.m; sourceTree = "<group>"; };
/* End PBXFileReference section */

/* Begin PBXFrameworksBuildPhase section */
		0D55DC5B13FA9FCA000ADAFB /* Frameworks */ = {
			isa = PBXFrameworksBuildPhase;
			buildActionMask = 2147483647;
			files = (
				0D55DC8213FAA0A1000ADAFB /* Accelerate.framework in Frameworks */,
				0D55DC8313FAA0A1000ADAFB /* Cocoa.framework in Frameworks */,
			);
			runOnlyForDeploymentPostprocessing = 0;
		};
		8D11072E0486CEB800E47090 /* Frameworks */ = {
			isa = PBXFrameworksBuildPhase;
			buildActionMask = 2147483647;
			files = (
				8D11072F0486CEB800E47090 /* Cocoa.framework in Frameworks */,
				D7B78CBE116A8FEE00D363A2 /* QuartzCore.framework in Frameworks */,
				D72E1D0E116FC6F8000D3D95 /* OpenGL.framework in Frameworks */,
				D7BC2DB211790CE700A37DF2 /* OpenCL.framework in Frameworks */,
				D77DF784118636A2009C1946 /* Accelerate.framework in Frameworks */,
				D7DD8B6D137C9D6700DADC35 /* Quartz.framework in Frameworks */,
			);
			runOnlyForDeploymentPostprocessing = 0;
		};
		D704B69F13E08871002692E9 /* Frameworks */ = {
			isa = PBXFrameworksBuildPhase;
			buildActionMask = 2147483647;
			files = (
				D704B6B513E08C67002692E9 /* Cocoa.framework in Frameworks */,
			);
			runOnlyForDeploymentPostprocessing = 0;
		};
		D704B88513E1ED5E002692E9 /* Frameworks */ = {
			isa = PBXFrameworksBuildPhase;
			buildActionMask = 2147483647;
			files = (
				D704B89F13E1F0F6002692E9 /* Cocoa.framework in Frameworks */,
			);
			runOnlyForDeploymentPostprocessing = 0;
		};
		D730D23213B526A800E01F31 /* Frameworks */ = {
			isa = PBXFrameworksBuildPhase;
			buildActionMask = 2147483647;
			files = (
			);
			runOnlyForDeploymentPostprocessing = 0;
		};
		D730D23D13B5271A00E01F31 /* Frameworks */ = {
			isa = PBXFrameworksBuildPhase;
			buildActionMask = 2147483647;
			files = (
				D730D28B13B52BE600E01F31 /* OpenCL.framework in Frameworks */,
				D730D28A13B52BD500E01F31 /* Accelerate.framework in Frameworks */,
				D730D27B13B5298300E01F31 /* Cocoa.framework in Frameworks */,
			);
			runOnlyForDeploymentPostprocessing = 0;
		};
		D7A24D8213F32039001AD337 /* Frameworks */ = {
			isa = PBXFrameworksBuildPhase;
			buildActionMask = 2147483647;
			files = (
				D7A24DAB13F322A8001AD337 /* Cocoa.framework in Frameworks */,
			);
			runOnlyForDeploymentPostprocessing = 0;
		};
		D7A24D8C13F3204A001AD337 /* Frameworks */ = {
			isa = PBXFrameworksBuildPhase;
			buildActionMask = 2147483647;
			files = (
				D7A24DAF13F322BC001AD337 /* Cocoa.framework in Frameworks */,
			);
			runOnlyForDeploymentPostprocessing = 0;
		};
/* End PBXFrameworksBuildPhase section */

/* Begin PBXGroup section */
		080E96DDFE201D6D7F000001 /* Classes */ = {
			isa = PBXGroup;
			children = (
				D74C66DD13DF36F900CC5BB2 /* DivvyPluginManager.h */,
				D74C66DE13DF36F900CC5BB2 /* DivvyPluginManager.m */,
				D730D28013B52AE200E01F31 /* DivvyDatasetViewPanel.h */,
				D730D28113B52AE200E01F31 /* DivvyDatasetViewPanel.m */,
				D7DD8BDF1381DEBA00DADC35 /* DivvyDatasetView.h */,
				D7DD8BE01381DEBA00DADC35 /* DivvyDatasetView.m */,
				D7DD8B4D137C9A7200DADC35 /* DivvyDatasetWindow.h */,
				D7DD8B4E137C9A7200DADC35 /* DivvyDatasetWindow.m */,
				D7DD89C2137C70A400DADC35 /* DivvyDatasetsPanel.h */,
				D7DD89C3137C70A400DADC35 /* DivvyDatasetsPanel.m */,
				D7764F44137B4A9900F7F49F /* DivvyDataset.h */,
				D7764F45137B4A9900F7F49F /* DivvyDataset.m */,
				256AC3D80F4B6AC300CF3369 /* DivvyAppDelegate.h */,
				256AC3D90F4B6AC300CF3369 /* DivvyAppDelegate.m */,
			);
			name = Classes;
			sourceTree = "<group>";
		};
		1058C7A0FEA54F0111CA2CBB /* Linked Frameworks */ = {
			isa = PBXGroup;
			children = (
				D7DD8B6C137C9D6700DADC35 /* Quartz.framework */,
				D77DF783118636A2009C1946 /* Accelerate.framework */,
				D72E1D0D116FC6F8000D3D95 /* OpenGL.framework */,
				D7B78CBD116A8FEE00D363A2 /* QuartzCore.framework */,
				1058C7A1FEA54F0111CA2CBB /* Cocoa.framework */,
				D7BC2DB111790CE700A37DF2 /* OpenCL.framework */,
			);
			name = "Linked Frameworks";
			sourceTree = "<group>";
		};
		1058C7A2FEA54F0111CA2CBB /* Other Frameworks */ = {
			isa = PBXGroup;
			children = (
				D730D27713B5297E00E01F31 /* Cocoa.framework */,
				29B97324FDCFA39411CA2CEA /* AppKit.framework */,
				13E42FB307B3F0F600E4EEF1 /* CoreData.framework */,
				29B97325FDCFA39411CA2CEA /* Foundation.framework */,
			);
			name = "Other Frameworks";
			sourceTree = "<group>";
		};
		19C28FACFE9D520D11CA2CBB /* Products */ = {
			isa = PBXGroup;
			children = (
				8D1107320486CEB800E47090 /* Divvy.app */,
				D730D23413B526A800E01F31 /* DivvyPlugin.framework */,
				D730D23F13B5271A00E01F31 /* DivvyKMeans.plugin */,
				D704B6A113E08871002692E9 /* DivvyScatterPlot.plugin */,
				D704B88713E1ED5E002692E9 /* DivvyNilClusterer.plugin */,
				D7A24D8413F32039001AD337 /* DivvyNilReducer.plugin */,
				D7A24D8E13F3204A001AD337 /* DivvyZhu.plugin */,
				0D55DC5D13FA9FCA000ADAFB /* DivvyPCA.plugin */,
			);
			name = Products;
			sourceTree = "<group>";
		};
		29B97314FDCFA39411CA2CEA /* Divvy */ = {
			isa = PBXGroup;
			children = (
				D7642A6613F4EE5200F1CE56 /* Dataset Visualizers */,
				D7642A6713F4EE5F00F1CE56 /* Point Visualizers */,
				D7642A6813F4EE6C00F1CE56 /* Clusterers */,
				D7642A6913F4EE7C00F1CE56 /* Reducers */,
				D73A292713B26A760046EDE1 /* Protocols */,
				D7764EEE13788C3100F7F49F /* Models */,
				080E96DDFE201D6D7F000001 /* Classes */,
				29B97315FDCFA39411CA2CEA /* Other Sources */,
				29B97317FDCFA39411CA2CEA /* Resources */,
				29B97323FDCFA39411CA2CEA /* Frameworks */,
				19C28FACFE9D520D11CA2CBB /* Products */,
			);
			name = Divvy;
			sourceTree = "<group>";
		};
		29B97315FDCFA39411CA2CEA /* Other Sources */ = {
			isa = PBXGroup;
			children = (
				256AC3F00F4B6AF500CF3369 /* Divvy_Prefix.pch */,
				29B97316FDCFA39411CA2CEA /* main.m */,
			);
			name = "Other Sources";
			sourceTree = "<group>";
		};
		29B97317FDCFA39411CA2CEA /* Resources */ = {
			isa = PBXGroup;
			children = (
				D7764F2E1378B40400F7F49F /* DatasetViewPanel.xib */,
				8D1107310486CEB800E47090 /* Divvy-Info.plist */,
				D730D23513B526A800E01F31 /* DivvyPlugin-Info.plist */,
				089C165CFE840E0CC02AAC07 /* InfoPlist.strings */,
				1DDD58140DA1D0A300B32029 /* MainMenu.xib */,
				D7764F361378B65A00F7F49F /* DatasetsPanel.xib */,
				D7764F5C137B4CDE00F7F49F /* DatasetWindow.xib */,
			);
			name = Resources;
			sourceTree = "<group>";
		};
		29B97323FDCFA39411CA2CEA /* Frameworks */ = {
			isa = PBXGroup;
			children = (
				1058C7A0FEA54F0111CA2CBB /* Linked Frameworks */,
				1058C7A2FEA54F0111CA2CBB /* Other Frameworks */,
			);
			name = Frameworks;
			sourceTree = "<group>";
		};
		D704B87E13E1ED13002692E9 /* NilClusterer */ = {
			isa = PBXGroup;
			children = (
				D704B88813E1ED5E002692E9 /* DivvyNilClusterer-Info.plist */,
				D704B88113E1ED51002692E9 /* DivvyNilClusterer.h */,
				D704B88213E1ED51002692E9 /* DivvyNilClusterer.m */,
				D704B88E13E1EDE1002692E9 /* DivvyNilClustererController.h */,
				D704B88F13E1EDE1002692E9 /* DivvyNilClustererController.m */,
				D704B89113E1EDF2002692E9 /* DivvyNilClusterer.xcdatamodel */,
				D704B89313E1EE41002692E9 /* DivvyNilClusterer.xib */,
			);
			name = NilClusterer;
			sourceTree = "<group>";
		};
		D730D22C13B5261700E01F31 /* KMeans */ = {
			isa = PBXGroup;
			children = (
				D730D24013B5271A00E01F31 /* DivvyKMeans-Info.plist */,
				D7BC2CFA1178FF2000A37DF2 /* assignment.cl */,
				D7BC2CFB1178FF2000A37DF2 /* move.cl */,
				D7B1956D13983D4C00BF1EC7 /* DivvyKMeans.h */,
				D7B1956E13983D4C00BF1EC7 /* DivvyKMeans.m */,
				D7DD8D6A13846A7400DADC35 /* DivvyKMeansController.h */,
				D7DD8D6B13846A7400DADC35 /* DivvyKMeansController.m */,
				D76454EF13A6A333000B4038 /* kmeans.h */,
				D76454F013A6A333000B4038 /* kmeans.c */,
				D730D22D13B5266500E01F31 /* DivvyKMeans.xcdatamodel */,
				D730D27013B5287200E01F31 /* DivvyKMeans.xib */,
			);
			name = KMeans;
			sourceTree = "<group>";
		};
		D730D24813B5276C00E01F31 /* PCA */ = {
			isa = PBXGroup;
			children = (
				D7B1957613983DE500BF1EC7 /* DivvyPCA.h */,
				D7B1957713983DE500BF1EC7 /* DivvyPCA.m */,
				D7A24D9713F32105001AD337 /* DivvyPCA.xcdatamodel */,
				0D55DC6F13FAA04A000ADAFB /* pca.c */,
				0D55DC7013FAA04A000ADAFB /* pca.h */,
				0D55DC7213FAA056000ADAFB /* DivvyPCAController.h */,
				0D55DC7313FAA056000ADAFB /* DivvyPCAController.m */,
				0D55DC7513FAA05A000ADAFB /* DivvyPCA.xib */,
				0D55DC5E13FA9FCA000ADAFB /* DivvyPCA-Info.plist */,
			);
			name = PCA;
			sourceTree = "<group>";
		};
		D730D24913B5277700E01F31 /* ScatterPlot */ = {
			isa = PBXGroup;
			children = (
				D704B6A213E08871002692E9 /* DivvyScatterPlot-Info.plist */,
				D7716140138C409500C70C36 /* DivvyScatterPlot.h */,
				D7716141138C409500C70C36 /* DivvyScatterPlot.m */,
				D704B69913E08829002692E9 /* DivvyScatterPlot.xcdatamodel */,
				D704B6AB13E088D8002692E9 /* DivvyScatterPlot.xib */,
				D704B6AD13E088EC002692E9 /* DivvyScatterPlotController.h */,
				D704B6AE13E088EC002692E9 /* DivvyScatterPlotController.m */,
			);
			name = ScatterPlot;
			sourceTree = "<group>";
		};
		D730D24C13B5278700E01F31 /* Zhu */ = {
			isa = PBXGroup;
			children = (
				D7A24D8F13F3204A001AD337 /* DivvyZhu-Info.plist */,
				D7B1946713981F5B00BF1EC7 /* DivvyZhu.h */,
				D7B1946813981F5B00BF1EC7 /* DivvyZhu.m */,
				D7A24D9513F320AE001AD337 /* DivvyZhu.xcdatamodel */,
				D7A24D9813F3212F001AD337 /* DivvyZhu.xib */,
				D7A24D9A13F3214D001AD337 /* DivvyZhuController.h */,
				D7A24D9B13F3214D001AD337 /* DivvyZhuController.m */,
			);
			name = Zhu;
			sourceTree = "<group>";
		};
		D73A292713B26A760046EDE1 /* Protocols */ = {
			isa = PBXGroup;
			children = (
				D73A292813B26AC60046EDE1 /* DivvyClusterer.h */,
				D7716124138C3D1200C70C36 /* DivvyDatasetVisualizer.h */,
				D7B1943E13981BF200BF1EC7 /* DivvyPointVisualizer.h */,
				D7B1957313983DC200BF1EC7 /* DivvyReducer.h */,
			);
			name = Protocols;
			sourceTree = "<group>";
		};
		D7642A6613F4EE5200F1CE56 /* Dataset Visualizers */ = {
			isa = PBXGroup;
			children = (
				D730D24913B5277700E01F31 /* ScatterPlot */,
			);
			name = "Dataset Visualizers";
			sourceTree = "<group>";
		};
		D7642A6713F4EE5F00F1CE56 /* Point Visualizers */ = {
			isa = PBXGroup;
			children = (
				D7A2501B13F58627001AD337 /* NilPointVisualizer */,
				D730D24C13B5278700E01F31 /* Zhu */,
			);
			name = "Point Visualizers";
			sourceTree = "<group>";
		};
		D7642A6813F4EE6C00F1CE56 /* Clusterers */ = {
			isa = PBXGroup;
			children = (
				D704B87E13E1ED13002692E9 /* NilClusterer */,
				D730D22C13B5261700E01F31 /* KMeans */,
			);
			name = Clusterers;
			sourceTree = "<group>";
		};
		D7642A6913F4EE7C00F1CE56 /* Reducers */ = {
			isa = PBXGroup;
			children = (
				D7A24D9413F32053001AD337 /* NilReducer */,
				D730D24813B5276C00E01F31 /* PCA */,
			);
			name = Reducers;
			sourceTree = "<group>";
		};
		D7764EEE13788C3100F7F49F /* Models */ = {
			isa = PBXGroup;
			children = (
				D7764EF313788C9A00F7F49F /* Divvy_DataModel.xcdatamodel */,
			);
			name = Models;
			sourceTree = "<group>";
		};
		D7A24D9413F32053001AD337 /* NilReducer */ = {
			isa = PBXGroup;
			children = (
				D7A24D8513F32039001AD337 /* DivvyNilReducer-Info.plist */,
				D7A24D9D13F32192001AD337 /* DivvyNilReducer.h */,
				D7A24D9E13F32192001AD337 /* DivvyNilReducer.m */,
				D7A24DA013F3219F001AD337 /* DivvyNilReducerController.h */,
				D7A24DA113F3219F001AD337 /* DivvyNilReducerController.m */,
				D7A24DA313F321AC001AD337 /* DivvyNilReducer.xib */,
				D7A24DA513F321B9001AD337 /* DivvyNilReducer.xcdatamodel */,
			);
			name = NilReducer;
			sourceTree = "<group>";
		};
		D7A2501B13F58627001AD337 /* NilPointVisualizer */ = {
			isa = PBXGroup;
			children = (
			);
			name = NilPointVisualizer;
			sourceTree = "<group>";
		};
/* End PBXGroup section */

/* Begin PBXHeadersBuildPhase section */
		D730D22F13B526A800E01F31 /* Headers */ = {
			isa = PBXHeadersBuildPhase;
			buildActionMask = 2147483647;
			files = (
				D704B89A13E1F088002692E9 /* DivvyDataset.h in Headers */,
				D730D31313B5334C00E01F31 /* Divvy_Prefix.pch in Headers */,
				D730D25113B527EF00E01F31 /* DivvyAppDelegate.h in Headers */,
				D730D24D13B527E800E01F31 /* DivvyClusterer.h in Headers */,
				D730D24E13B527E800E01F31 /* DivvyDatasetVisualizer.h in Headers */,
				D730D24F13B527E800E01F31 /* DivvyPointVisualizer.h in Headers */,
				D730D25013B527E800E01F31 /* DivvyReducer.h in Headers */,
			);
			runOnlyForDeploymentPostprocessing = 0;
		};
/* End PBXHeadersBuildPhase section */

/* Begin PBXNativeTarget section */
		0D55DC5C13FA9FCA000ADAFB /* DivvyPCA */ = {
			isa = PBXNativeTarget;
			buildConfigurationList = 0D55DC6213FA9FCA000ADAFB /* Build configuration list for PBXNativeTarget "DivvyPCA" */;
			buildPhases = (
				0D55DC5913FA9FCA000ADAFB /* Resources */,
				0D55DC5A13FA9FCA000ADAFB /* Sources */,
				0D55DC5B13FA9FCA000ADAFB /* Frameworks */,
			);
			buildRules = (
			);
			dependencies = (
			);
			name = DivvyPCA;
			productName = DivvyPCA;
			productReference = 0D55DC5D13FA9FCA000ADAFB /* DivvyPCA.plugin */;
			productType = "com.apple.product-type.bundle";
		};
		8D1107260486CEB800E47090 /* Divvy */ = {
			isa = PBXNativeTarget;
			buildConfigurationList = C01FCF4A08A954540054247B /* Build configuration list for PBXNativeTarget "Divvy" */;
			buildPhases = (
				8D1107290486CEB800E47090 /* Resources */,
				8D11072C0486CEB800E47090 /* Sources */,
				8D11072E0486CEB800E47090 /* Frameworks */,
			);
			buildRules = (
			);
			dependencies = (
				D74C691E13DF6A9000CC5BB2 /* PBXTargetDependency */,
				D74C692013DF6A9200CC5BB2 /* PBXTargetDependency */,
				D704B6AA13E088B1002692E9 /* PBXTargetDependency */,
				D704B89713E1F057002692E9 /* PBXTargetDependency */,
				D7A24DA813F3225C001AD337 /* PBXTargetDependency */,
				D7A24DAA13F3225C001AD337 /* PBXTargetDependency */,
				0D55DCAD13FAA0D2000ADAFB /* PBXTargetDependency */,
			);
			name = Divvy;
			productInstallPath = "$(HOME)/Applications";
			productName = Divvy;
			productReference = 8D1107320486CEB800E47090 /* Divvy.app */;
			productType = "com.apple.product-type.application";
		};
		D704B6A013E08871002692E9 /* DivvyScatterPlot */ = {
			isa = PBXNativeTarget;
			buildConfigurationList = D704B6A613E08872002692E9 /* Build configuration list for PBXNativeTarget "DivvyScatterPlot" */;
			buildPhases = (
				D704B69D13E08871002692E9 /* Resources */,
				D704B69E13E08871002692E9 /* Sources */,
				D704B69F13E08871002692E9 /* Frameworks */,
			);
			buildRules = (
			);
			dependencies = (
			);
			name = DivvyScatterPlot;
			productName = DivvyScatterPlot;
			productReference = D704B6A113E08871002692E9 /* DivvyScatterPlot.plugin */;
			productType = "com.apple.product-type.bundle";
		};
		D704B88613E1ED5E002692E9 /* DivvyNilClusterer */ = {
			isa = PBXNativeTarget;
			buildConfigurationList = D704B88C13E1ED5E002692E9 /* Build configuration list for PBXNativeTarget "DivvyNilClusterer" */;
			buildPhases = (
				D704B88313E1ED5E002692E9 /* Resources */,
				D704B88413E1ED5E002692E9 /* Sources */,
				D704B88513E1ED5E002692E9 /* Frameworks */,
			);
			buildRules = (
			);
			dependencies = (
			);
			name = DivvyNilClusterer;
			productName = DivvyNilClusterer;
			productReference = D704B88713E1ED5E002692E9 /* DivvyNilClusterer.plugin */;
			productType = "com.apple.product-type.bundle";
		};
		D730D23313B526A800E01F31 /* DivvyPlugin */ = {
			isa = PBXNativeTarget;
			buildConfigurationList = D730D23813B526A900E01F31 /* Build configuration list for PBXNativeTarget "DivvyPlugin" */;
			buildPhases = (
				D730D22F13B526A800E01F31 /* Headers */,
				D730D23013B526A800E01F31 /* Resources */,
				D730D23113B526A800E01F31 /* Sources */,
				D730D23213B526A800E01F31 /* Frameworks */,
			);
			buildRules = (
			);
			dependencies = (
			);
			name = DivvyPlugin;
			productName = DivvyPlugin;
			productReference = D730D23413B526A800E01F31 /* DivvyPlugin.framework */;
			productType = "com.apple.product-type.framework";
		};
		D730D23E13B5271A00E01F31 /* DivvyKMeans */ = {
			isa = PBXNativeTarget;
			buildConfigurationList = D730D24413B5271A00E01F31 /* Build configuration list for PBXNativeTarget "DivvyKMeans" */;
			buildPhases = (
				D730D23B13B5271A00E01F31 /* Resources */,
				D730D23C13B5271A00E01F31 /* Sources */,
				D730D23D13B5271A00E01F31 /* Frameworks */,
			);
			buildRules = (
			);
			dependencies = (
			);
			name = DivvyKMeans;
			productName = DivvyKMeans;
			productReference = D730D23F13B5271A00E01F31 /* DivvyKMeans.plugin */;
			productType = "com.apple.product-type.bundle";
		};
		D7A24D8313F32039001AD337 /* DivvyNilReducer */ = {
			isa = PBXNativeTarget;
			buildConfigurationList = D7A24D8913F3203A001AD337 /* Build configuration list for PBXNativeTarget "DivvyNilReducer" */;
			buildPhases = (
				D7A24D8013F32039001AD337 /* Resources */,
				D7A24D8113F32039001AD337 /* Sources */,
				D7A24D8213F32039001AD337 /* Frameworks */,
			);
			buildRules = (
			);
			dependencies = (
			);
			name = DivvyNilReducer;
			productName = DivvyNilReducer;
			productReference = D7A24D8413F32039001AD337 /* DivvyNilReducer.plugin */;
			productType = "com.apple.product-type.bundle";
		};
		D7A24D8D13F3204A001AD337 /* DivvyZhu */ = {
			isa = PBXNativeTarget;
			buildConfigurationList = D7A24D9313F3204A001AD337 /* Build configuration list for PBXNativeTarget "DivvyZhu" */;
			buildPhases = (
				D7A24D8A13F3204A001AD337 /* Resources */,
				D7A24D8B13F3204A001AD337 /* Sources */,
				D7A24D8C13F3204A001AD337 /* Frameworks */,
			);
			buildRules = (
			);
			dependencies = (
			);
			name = DivvyZhu;
			productName = DivvyZhu;
			productReference = D7A24D8E13F3204A001AD337 /* DivvyZhu.plugin */;
			productType = "com.apple.product-type.bundle";
		};
/* End PBXNativeTarget section */

/* Begin PBXProject section */
		29B97313FDCFA39411CA2CEA /* Project object */ = {
			isa = PBXProject;
			buildConfigurationList = C01FCF4E08A954540054247B /* Build configuration list for PBXProject "Divvy" */;
			compatibilityVersion = "Xcode 3.1";
			developmentRegion = English;
			hasScannedForEncodings = 1;
			knownRegions = (
				English,
				Japanese,
				French,
				German,
			);
			mainGroup = 29B97314FDCFA39411CA2CEA /* Divvy */;
			projectDirPath = "";
			projectRoot = "";
			targets = (
				8D1107260486CEB800E47090 /* Divvy */,
				D730D23313B526A800E01F31 /* DivvyPlugin */,
				D730D23E13B5271A00E01F31 /* DivvyKMeans */,
				D704B6A013E08871002692E9 /* DivvyScatterPlot */,
				D704B88613E1ED5E002692E9 /* DivvyNilClusterer */,
				D7A24D8313F32039001AD337 /* DivvyNilReducer */,
				D7A24D8D13F3204A001AD337 /* DivvyZhu */,
				0D55DC5C13FA9FCA000ADAFB /* DivvyPCA */,
			);
		};
/* End PBXProject section */

/* Begin PBXResourcesBuildPhase section */
		0D55DC5913FA9FCA000ADAFB /* Resources */ = {
			isa = PBXResourcesBuildPhase;
			buildActionMask = 2147483647;
			files = (
				0D55DC7A13FAA087000ADAFB /* DivvyPCA.xib in Resources */,
			);
			runOnlyForDeploymentPostprocessing = 0;
		};
		8D1107290486CEB800E47090 /* Resources */ = {
			isa = PBXResourcesBuildPhase;
			buildActionMask = 2147483647;
			files = (
				8D11072B0486CEB800E47090 /* InfoPlist.strings in Resources */,
				1DDD58160DA1D0A300B32029 /* MainMenu.xib in Resources */,
				D7764F2F1378B40400F7F49F /* DatasetViewPanel.xib in Resources */,
				D7764F371378B65A00F7F49F /* DatasetsPanel.xib in Resources */,
				D7764F5D137B4CDE00F7F49F /* DatasetWindow.xib in Resources */,
				0D55DC7613FAA05A000ADAFB /* DivvyPCA.xib in Resources */,
			);
			runOnlyForDeploymentPostprocessing = 0;
		};
		D704B69D13E08871002692E9 /* Resources */ = {
			isa = PBXResourcesBuildPhase;
			buildActionMask = 2147483647;
			files = (
				D704B6AC13E088D8002692E9 /* DivvyScatterPlot.xib in Resources */,
			);
			runOnlyForDeploymentPostprocessing = 0;
		};
		D704B88313E1ED5E002692E9 /* Resources */ = {
			isa = PBXResourcesBuildPhase;
			buildActionMask = 2147483647;
			files = (
				D704B89413E1EE41002692E9 /* DivvyNilClusterer.xib in Resources */,
			);
			runOnlyForDeploymentPostprocessing = 0;
		};
		D730D23013B526A800E01F31 /* Resources */ = {
			isa = PBXResourcesBuildPhase;
			buildActionMask = 2147483647;
			files = (
			);
			runOnlyForDeploymentPostprocessing = 0;
		};
		D730D23B13B5271A00E01F31 /* Resources */ = {
			isa = PBXResourcesBuildPhase;
			buildActionMask = 2147483647;
			files = (
				D730D27113B5287200E01F31 /* DivvyKMeans.xib in Resources */,
			);
			runOnlyForDeploymentPostprocessing = 0;
		};
		D7A24D8013F32039001AD337 /* Resources */ = {
			isa = PBXResourcesBuildPhase;
			buildActionMask = 2147483647;
			files = (
				D7A24DA413F321AC001AD337 /* DivvyNilReducer.xib in Resources */,
			);
			runOnlyForDeploymentPostprocessing = 0;
		};
		D7A24D8A13F3204A001AD337 /* Resources */ = {
			isa = PBXResourcesBuildPhase;
			buildActionMask = 2147483647;
			files = (
				D7A24D9913F3212F001AD337 /* DivvyZhu.xib in Resources */,
			);
			runOnlyForDeploymentPostprocessing = 0;
		};
/* End PBXResourcesBuildPhase section */

/* Begin PBXSourcesBuildPhase section */
		0D55DC5A13FA9FCA000ADAFB /* Sources */ = {
			isa = PBXSourcesBuildPhase;
			buildActionMask = 2147483647;
			files = (
				0D55DC7713FAA081000ADAFB /* DivvyPCA.m in Sources */,
				0D55DC7913FAA081000ADAFB /* DivvyPCAController.m in Sources */,
				0D55DCB213FAA128000ADAFB /* DivvyPCA.xcdatamodel in Sources */,
				0D55DC7813FAA081000ADAFB /* pca.c in Sources */,
			);
			runOnlyForDeploymentPostprocessing = 0;
		};
		8D11072C0486CEB800E47090 /* Sources */ = {
			isa = PBXSourcesBuildPhase;
			buildActionMask = 2147483647;
			files = (
				8D11072D0486CEB800E47090 /* main.m in Sources */,
				256AC3DA0F4B6AC300CF3369 /* DivvyAppDelegate.m in Sources */,
				D7764EF413788C9A00F7F49F /* Divvy_DataModel.xcdatamodel in Sources */,
				D7764F46137B4A9900F7F49F /* DivvyDataset.m in Sources */,
				D7DD89C4137C70A400DADC35 /* DivvyDatasetsPanel.m in Sources */,
				D7DD8B4F137C9A7200DADC35 /* DivvyDatasetWindow.m in Sources */,
				D7DD8BE11381DEBA00DADC35 /* DivvyDatasetView.m in Sources */,
				D730D28213B52AE200E01F31 /* DivvyDatasetViewPanel.m in Sources */,
				D74C66DF13DF36F900CC5BB2 /* DivvyPluginManager.m in Sources */,
			);
			runOnlyForDeploymentPostprocessing = 0;
		};
		D704B69E13E08871002692E9 /* Sources */ = {
			isa = PBXSourcesBuildPhase;
			buildActionMask = 2147483647;
			files = (
				D704B6A813E088A8002692E9 /* DivvyScatterPlot.xcdatamodel in Sources */,
				D704B6A713E088A2002692E9 /* DivvyScatterPlot.m in Sources */,
				D704B6AF13E088EC002692E9 /* DivvyScatterPlotController.m in Sources */,
			);
			runOnlyForDeploymentPostprocessing = 0;
		};
		D704B88413E1ED5E002692E9 /* Sources */ = {
			isa = PBXSourcesBuildPhase;
			buildActionMask = 2147483647;
			files = (
				D704B88D13E1ED83002692E9 /* DivvyNilClusterer.m in Sources */,
				D704B89013E1EDE1002692E9 /* DivvyNilClustererController.m in Sources */,
				D704B89213E1EDF2002692E9 /* DivvyNilClusterer.xcdatamodel in Sources */,
			);
			runOnlyForDeploymentPostprocessing = 0;
		};
		D730D23113B526A800E01F31 /* Sources */ = {
			isa = PBXSourcesBuildPhase;
			buildActionMask = 2147483647;
			files = (
			);
			runOnlyForDeploymentPostprocessing = 0;
		};
		D730D23C13B5271A00E01F31 /* Sources */ = {
			isa = PBXSourcesBuildPhase;
			buildActionMask = 2147483647;
			files = (
				D730D25313B5281E00E01F31 /* DivvyKMeans.m in Sources */,
				D730D25513B5281E00E01F31 /* DivvyKMeansController.m in Sources */,
				D730D25813B5281E00E01F31 /* DivvyKMeans.xcdatamodel in Sources */,
				D730D2E513B5307400E01F31 /* kmeans.c in Sources */,
			);
			runOnlyForDeploymentPostprocessing = 0;
		};
		D7A24D8113F32039001AD337 /* Sources */ = {
			isa = PBXSourcesBuildPhase;
			buildActionMask = 2147483647;
			files = (
				D7A24D9F13F32192001AD337 /* DivvyNilReducer.m in Sources */,
				D7A24DA213F3219F001AD337 /* DivvyNilReducerController.m in Sources */,
				D7A24DA613F321B9001AD337 /* DivvyNilReducer.xcdatamodel in Sources */,
			);
			runOnlyForDeploymentPostprocessing = 0;
		};
		D7A24D8B13F3204A001AD337 /* Sources */ = {
			isa = PBXSourcesBuildPhase;
			buildActionMask = 2147483647;
			files = (
				D7A24D9613F320AE001AD337 /* DivvyZhu.xcdatamodel in Sources */,
				D7A24DAE13F322B4001AD337 /* DivvyZhu.m in Sources */,
				D7A24D9C13F3214D001AD337 /* DivvyZhuController.m in Sources */,
			);
			runOnlyForDeploymentPostprocessing = 0;
		};
/* End PBXSourcesBuildPhase section */

/* Begin PBXTargetDependency section */
		0D55DCAD13FAA0D2000ADAFB /* PBXTargetDependency */ = {
			isa = PBXTargetDependency;
			target = 0D55DC5C13FA9FCA000ADAFB /* DivvyPCA */;
			targetProxy = 0D55DCAC13FAA0D2000ADAFB /* PBXContainerItemProxy */;
		};
		D704B6AA13E088B1002692E9 /* PBXTargetDependency */ = {
			isa = PBXTargetDependency;
			target = D704B6A013E08871002692E9 /* DivvyScatterPlot */;
			targetProxy = D704B6A913E088B1002692E9 /* PBXContainerItemProxy */;
		};
		D704B89713E1F057002692E9 /* PBXTargetDependency */ = {
			isa = PBXTargetDependency;
			target = D704B88613E1ED5E002692E9 /* DivvyNilClusterer */;
			targetProxy = D704B89613E1F057002692E9 /* PBXContainerItemProxy */;
		};
		D74C691E13DF6A9000CC5BB2 /* PBXTargetDependency */ = {
			isa = PBXTargetDependency;
			target = D730D23313B526A800E01F31 /* DivvyPlugin */;
			targetProxy = D74C691D13DF6A9000CC5BB2 /* PBXContainerItemProxy */;
		};
		D74C692013DF6A9200CC5BB2 /* PBXTargetDependency */ = {
			isa = PBXTargetDependency;
			target = D730D23E13B5271A00E01F31 /* DivvyKMeans */;
			targetProxy = D74C691F13DF6A9200CC5BB2 /* PBXContainerItemProxy */;
		};
		D7A24DA813F3225C001AD337 /* PBXTargetDependency */ = {
			isa = PBXTargetDependency;
			target = D7A24D8313F32039001AD337 /* DivvyNilReducer */;
			targetProxy = D7A24DA713F3225C001AD337 /* PBXContainerItemProxy */;
		};
		D7A24DAA13F3225C001AD337 /* PBXTargetDependency */ = {
			isa = PBXTargetDependency;
			target = D7A24D8D13F3204A001AD337 /* DivvyZhu */;
			targetProxy = D7A24DA913F3225C001AD337 /* PBXContainerItemProxy */;
		};
/* End PBXTargetDependency section */

/* Begin PBXVariantGroup section */
		089C165CFE840E0CC02AAC07 /* InfoPlist.strings */ = {
			isa = PBXVariantGroup;
			children = (
				089C165DFE840E0CC02AAC07 /* English */,
			);
			name = InfoPlist.strings;
			sourceTree = "<group>";
		};
		1DDD58140DA1D0A300B32029 /* MainMenu.xib */ = {
			isa = PBXVariantGroup;
			children = (
				1DDD58150DA1D0A300B32029 /* English */,
			);
			name = MainMenu.xib;
			sourceTree = "<group>";
		};
/* End PBXVariantGroup section */

/* Begin XCBuildConfiguration section */
		0D55DC6013FA9FCA000ADAFB /* Debug */ = {
			isa = XCBuildConfiguration;
			buildSettings = {
				ALWAYS_SEARCH_USER_PATHS = NO;
				COPY_PHASE_STRIP = NO;
				GCC_DYNAMIC_NO_PIC = NO;
				GCC_ENABLE_FIX_AND_CONTINUE = YES;
				GCC_MODEL_TUNING = G5;
				GCC_OPTIMIZATION_LEVEL = 0;
				GCC_PRECOMPILE_PREFIX_HEADER = YES;
				GCC_PREFIX_HEADER = Divvy_Prefix.pch;
				INFOPLIST_FILE = "DivvyPCA-Info.plist";
				INSTALL_PATH = "$(HOME)/Library/Bundles";
				OTHER_LDFLAGS = (
					"-framework",
					Foundation,
					"-framework",
					AppKit,
					"-framework",
					Accelerate,
				);
				PREBINDING = NO;
				PRODUCT_NAME = DivvyPCA;
				WRAPPER_EXTENSION = plugin;
			};
			name = Debug;
		};
		0D55DC6113FA9FCA000ADAFB /* Release */ = {
			isa = XCBuildConfiguration;
			buildSettings = {
				ALWAYS_SEARCH_USER_PATHS = NO;
				COPY_PHASE_STRIP = YES;
				DEBUG_INFORMATION_FORMAT = "dwarf-with-dsym";
				GCC_ENABLE_FIX_AND_CONTINUE = NO;
				GCC_MODEL_TUNING = G5;
				GCC_PRECOMPILE_PREFIX_HEADER = YES;
				GCC_PREFIX_HEADER = "$(SYSTEM_LIBRARY_DIR)/Frameworks/AppKit.framework/Headers/AppKit.h";
				INFOPLIST_FILE = "DivvyPCA-Info.plist";
				INSTALL_PATH = "$(HOME)/Library/Bundles";
				OTHER_LDFLAGS = (
					"-framework",
					Foundation,
					"-framework",
					AppKit,
				);
				PREBINDING = NO;
				PRODUCT_NAME = DivvyPCA;
				WRAPPER_EXTENSION = bundle;
				ZERO_LINK = NO;
			};
			name = Release;
		};
		C01FCF4B08A954540054247B /* Debug */ = {
			isa = XCBuildConfiguration;
			buildSettings = {
				ALWAYS_SEARCH_USER_PATHS = NO;
				COPY_PHASE_STRIP = NO;
				GCC_DYNAMIC_NO_PIC = NO;
				GCC_ENABLE_FIX_AND_CONTINUE = YES;
				GCC_MODEL_TUNING = G5;
				GCC_OPTIMIZATION_LEVEL = 0;
				GCC_PRECOMPILE_PREFIX_HEADER = YES;
				GCC_PREFIX_HEADER = Divvy_Prefix.pch;
				INFOPLIST_FILE = "Divvy-Info.plist";
				INSTALL_PATH = "$(HOME)/Applications";
				OTHER_LDFLAGS = (
					"-framework",
					Foundation,
					"-framework",
					AppKit,
				);
				PRODUCT_NAME = Divvy;
			};
			name = Debug;
		};
		C01FCF4C08A954540054247B /* Release */ = {
			isa = XCBuildConfiguration;
			buildSettings = {
				ALWAYS_SEARCH_USER_PATHS = NO;
				DEBUG_INFORMATION_FORMAT = "dwarf-with-dsym";
				GCC_MODEL_TUNING = G5;
				GCC_PRECOMPILE_PREFIX_HEADER = YES;
				GCC_PREFIX_HEADER = Divvy_Prefix.pch;
				INFOPLIST_FILE = "Divvy-Info.plist";
				INSTALL_PATH = "$(HOME)/Applications";
				PRODUCT_NAME = Divvy;
			};
			name = Release;
		};
		C01FCF4F08A954540054247B /* Debug */ = {
			isa = XCBuildConfiguration;
			buildSettings = {
				ARCHS = "$(ARCHS_STANDARD_64_BIT)";
				ENABLE_OPENMP_SUPPORT = YES;
				GCC_C_LANGUAGE_STANDARD = gnu99;
				GCC_OPTIMIZATION_LEVEL = 3;
				GCC_VERSION = "";
				GCC_WARN_ABOUT_RETURN_TYPE = YES;
				GCC_WARN_UNUSED_VARIABLE = YES;
				MOMC_NO_INVERSE_RELATIONSHIP_WARNINGS = NO;
				ONLY_ACTIVE_ARCH = YES;
				PREBINDING = NO;
				SDKROOT = macosx10.6;
			};
			name = Debug;
		};
		C01FCF5008A954540054247B /* Release */ = {
			isa = XCBuildConfiguration;
			buildSettings = {
				ARCHS = "$(ARCHS_STANDARD_64_BIT)";
				GCC_C_LANGUAGE_STANDARD = gnu99;
				GCC_WARN_ABOUT_RETURN_TYPE = YES;
				GCC_WARN_UNUSED_VARIABLE = YES;
				PREBINDING = NO;
				SDKROOT = macosx10.6;
			};
			name = Release;
		};
		D704B6A413E08872002692E9 /* Debug */ = {
			isa = XCBuildConfiguration;
			buildSettings = {
				ALWAYS_SEARCH_USER_PATHS = NO;
				COPY_PHASE_STRIP = NO;
				GCC_DYNAMIC_NO_PIC = NO;
				GCC_ENABLE_FIX_AND_CONTINUE = YES;
				GCC_MODEL_TUNING = G5;
				GCC_OPTIMIZATION_LEVEL = 0;
				GCC_PRECOMPILE_PREFIX_HEADER = YES;
				GCC_PREFIX_HEADER = "$(SYSTEM_LIBRARY_DIR)/Frameworks/AppKit.framework/Headers/AppKit.h";
				INFOPLIST_FILE = "DivvyScatterPlot-Info.plist";
				INSTALL_PATH = "$(HOME)/Library/Bundles";
				OTHER_LDFLAGS = (
					"-framework",
					Foundation,
					"-framework",
					AppKit,
				);
				PREBINDING = NO;
				PRODUCT_NAME = DivvyScatterPlot;
				WRAPPER_EXTENSION = plugin;
			};
			name = Debug;
		};
		D704B6A513E08872002692E9 /* Release */ = {
			isa = XCBuildConfiguration;
			buildSettings = {
				ALWAYS_SEARCH_USER_PATHS = NO;
				COPY_PHASE_STRIP = YES;
				DEBUG_INFORMATION_FORMAT = "dwarf-with-dsym";
				GCC_ENABLE_FIX_AND_CONTINUE = NO;
				GCC_MODEL_TUNING = G5;
				GCC_PRECOMPILE_PREFIX_HEADER = YES;
				GCC_PREFIX_HEADER = "$(SYSTEM_LIBRARY_DIR)/Frameworks/AppKit.framework/Headers/AppKit.h";
				INFOPLIST_FILE = "DivvyScatterPlot-Info.plist";
				INSTALL_PATH = "$(HOME)/Library/Bundles";
				OTHER_LDFLAGS = (
					"-framework",
					Foundation,
					"-framework",
					AppKit,
				);
				PREBINDING = NO;
				PRODUCT_NAME = DivvyScatterPlot;
				WRAPPER_EXTENSION = bundle;
				ZERO_LINK = NO;
			};
			name = Release;
		};
		D704B88A13E1ED5E002692E9 /* Debug */ = {
			isa = XCBuildConfiguration;
			buildSettings = {
				ALWAYS_SEARCH_USER_PATHS = NO;
				COPY_PHASE_STRIP = NO;
				GCC_DYNAMIC_NO_PIC = NO;
				GCC_ENABLE_FIX_AND_CONTINUE = YES;
				GCC_MODEL_TUNING = G5;
				GCC_OPTIMIZATION_LEVEL = 0;
				GCC_PRECOMPILE_PREFIX_HEADER = YES;
				GCC_PREFIX_HEADER = "$(SYSTEM_LIBRARY_DIR)/Frameworks/AppKit.framework/Headers/AppKit.h";
				INFOPLIST_FILE = "DivvyNilClusterer-Info.plist";
				INSTALL_PATH = "$(HOME)/Library/Bundles";
				OTHER_LDFLAGS = (
					"-framework",
					Foundation,
					"-framework",
					AppKit,
				);
				PREBINDING = NO;
				PRODUCT_NAME = DivvyNilClusterer;
				WRAPPER_EXTENSION = plugin;
			};
			name = Debug;
		};
		D704B88B13E1ED5E002692E9 /* Release */ = {
			isa = XCBuildConfiguration;
			buildSettings = {
				ALWAYS_SEARCH_USER_PATHS = NO;
				COPY_PHASE_STRIP = YES;
				DEBUG_INFORMATION_FORMAT = "dwarf-with-dsym";
				GCC_ENABLE_FIX_AND_CONTINUE = NO;
				GCC_MODEL_TUNING = G5;
				GCC_PRECOMPILE_PREFIX_HEADER = YES;
				GCC_PREFIX_HEADER = "$(SYSTEM_LIBRARY_DIR)/Frameworks/AppKit.framework/Headers/AppKit.h";
				INFOPLIST_FILE = "DivvyNilClusterer-Info.plist";
				INSTALL_PATH = "$(HOME)/Library/Bundles";
				OTHER_LDFLAGS = (
					"-framework",
					Foundation,
					"-framework",
					AppKit,
				);
				PREBINDING = NO;
				PRODUCT_NAME = DivvyNilClusterer;
				WRAPPER_EXTENSION = bundle;
				ZERO_LINK = NO;
			};
			name = Release;
		};
		D730D23613B526A900E01F31 /* Debug */ = {
			isa = XCBuildConfiguration;
			buildSettings = {
				ALWAYS_SEARCH_USER_PATHS = NO;
				COPY_PHASE_STRIP = NO;
				DYLIB_COMPATIBILITY_VERSION = 1;
				DYLIB_CURRENT_VERSION = 1;
				FRAMEWORK_VERSION = A;
				GCC_DYNAMIC_NO_PIC = NO;
				GCC_ENABLE_FIX_AND_CONTINUE = YES;
				GCC_MODEL_TUNING = G5;
				GCC_OPTIMIZATION_LEVEL = 0;
				GCC_PRECOMPILE_PREFIX_HEADER = YES;
				GCC_PREFIX_HEADER = "$(SYSTEM_LIBRARY_DIR)/Frameworks/AppKit.framework/Headers/AppKit.h";
				INFOPLIST_FILE = "DivvyPlugin-Info.plist";
				INSTALL_PATH = "$(HOME)/Library/Frameworks";
				OTHER_LDFLAGS = (
					"-framework",
					Foundation,
					"-framework",
					AppKit,
				);
				PREBINDING = NO;
				PRODUCT_NAME = DivvyPlugin;
			};
			name = Debug;
		};
		D730D23713B526A900E01F31 /* Release */ = {
			isa = XCBuildConfiguration;
			buildSettings = {
				ALWAYS_SEARCH_USER_PATHS = NO;
				COPY_PHASE_STRIP = YES;
				DEBUG_INFORMATION_FORMAT = "dwarf-with-dsym";
				DYLIB_COMPATIBILITY_VERSION = 1;
				DYLIB_CURRENT_VERSION = 1;
				FRAMEWORK_VERSION = A;
				GCC_ENABLE_FIX_AND_CONTINUE = NO;
				GCC_MODEL_TUNING = G5;
				GCC_PRECOMPILE_PREFIX_HEADER = YES;
				GCC_PREFIX_HEADER = "$(SYSTEM_LIBRARY_DIR)/Frameworks/AppKit.framework/Headers/AppKit.h";
				INFOPLIST_FILE = "DivvyPlugin-Info.plist";
				INSTALL_PATH = "$(HOME)/Library/Frameworks";
				OTHER_LDFLAGS = (
					"-framework",
					Foundation,
					"-framework",
					AppKit,
				);
				PREBINDING = NO;
				PRODUCT_NAME = DivvyPlugin;
				ZERO_LINK = NO;
			};
			name = Release;
		};
		D730D24213B5271A00E01F31 /* Debug */ = {
			isa = XCBuildConfiguration;
			buildSettings = {
				ALWAYS_SEARCH_USER_PATHS = NO;
				COPY_PHASE_STRIP = NO;
				GCC_DYNAMIC_NO_PIC = NO;
				GCC_ENABLE_FIX_AND_CONTINUE = YES;
				GCC_MODEL_TUNING = G5;
				GCC_OPTIMIZATION_LEVEL = 0;
				GCC_PRECOMPILE_PREFIX_HEADER = YES;
				GCC_PREFIX_HEADER = Divvy_Prefix.pch;
				INFOPLIST_FILE = "DivvyKMeans-Info.plist";
				INSTALL_PATH = "$(HOME)/Library/Bundles";
				OTHER_LDFLAGS = (
					"-framework",
					Foundation,
					"-framework",
					AppKit,
				);
				PREBINDING = NO;
				PRODUCT_NAME = DivvyKMeans;
				WRAPPER_EXTENSION = plugin;
			};
			name = Debug;
		};
		D730D24313B5271A00E01F31 /* Release */ = {
			isa = XCBuildConfiguration;
			buildSettings = {
				ALWAYS_SEARCH_USER_PATHS = NO;
				COPY_PHASE_STRIP = YES;
				DEBUG_INFORMATION_FORMAT = "dwarf-with-dsym";
				GCC_ENABLE_FIX_AND_CONTINUE = NO;
				GCC_MODEL_TUNING = G5;
				GCC_PRECOMPILE_PREFIX_HEADER = YES;
				GCC_PREFIX_HEADER = "$(SYSTEM_LIBRARY_DIR)/Frameworks/AppKit.framework/Headers/AppKit.h";
				INFOPLIST_FILE = "DivvyKMeans-Info.plist";
				INSTALL_PATH = "$(HOME)/Library/Bundles";
				OTHER_LDFLAGS = (
					"-framework",
					Foundation,
					"-framework",
					AppKit,
				);
				PREBINDING = NO;
				PRODUCT_NAME = DivvyKMeans;
				WRAPPER_EXTENSION = bundle;
				ZERO_LINK = NO;
			};
			name = Release;
		};
		D7A24D8713F3203A001AD337 /* Debug */ = {
			isa = XCBuildConfiguration;
			buildSettings = {
				ALWAYS_SEARCH_USER_PATHS = NO;
				COPY_PHASE_STRIP = NO;
				GCC_DYNAMIC_NO_PIC = NO;
				GCC_ENABLE_FIX_AND_CONTINUE = YES;
				GCC_MODEL_TUNING = G5;
				GCC_OPTIMIZATION_LEVEL = 0;
				GCC_PRECOMPILE_PREFIX_HEADER = YES;
				GCC_PREFIX_HEADER = "$(SYSTEM_LIBRARY_DIR)/Frameworks/AppKit.framework/Headers/AppKit.h";
				INFOPLIST_FILE = "DivvyNilReducer-Info.plist";
				INSTALL_PATH = "$(HOME)/Library/Bundles";
				OTHER_LDFLAGS = (
					"-framework",
					Foundation,
					"-framework",
					AppKit,
				);
				PREBINDING = NO;
				PRODUCT_NAME = DivvyNilReducer;
				WRAPPER_EXTENSION = plugin;
			};
			name = Debug;
		};
		D7A24D8813F3203A001AD337 /* Release */ = {
			isa = XCBuildConfiguration;
			buildSettings = {
				ALWAYS_SEARCH_USER_PATHS = NO;
				COPY_PHASE_STRIP = YES;
				DEBUG_INFORMATION_FORMAT = "dwarf-with-dsym";
				GCC_ENABLE_FIX_AND_CONTINUE = NO;
				GCC_MODEL_TUNING = G5;
				GCC_PRECOMPILE_PREFIX_HEADER = YES;
				GCC_PREFIX_HEADER = "$(SYSTEM_LIBRARY_DIR)/Frameworks/AppKit.framework/Headers/AppKit.h";
				INFOPLIST_FILE = "DivvyNilReducer-Info.plist";
				INSTALL_PATH = "$(HOME)/Library/Bundles";
				OTHER_LDFLAGS = (
					"-framework",
					Foundation,
					"-framework",
					AppKit,
				);
				PREBINDING = NO;
				PRODUCT_NAME = DivvyNilReducer;
				WRAPPER_EXTENSION = plugin;
				ZERO_LINK = NO;
			};
			name = Release;
		};
		D7A24D9113F3204A001AD337 /* Debug */ = {
			isa = XCBuildConfiguration;
			buildSettings = {
				ALWAYS_SEARCH_USER_PATHS = NO;
				COPY_PHASE_STRIP = NO;
				GCC_DYNAMIC_NO_PIC = NO;
				GCC_ENABLE_FIX_AND_CONTINUE = YES;
				GCC_MODEL_TUNING = G5;
				GCC_OPTIMIZATION_LEVEL = 0;
				GCC_PRECOMPILE_PREFIX_HEADER = YES;
				GCC_PREFIX_HEADER = "$(SYSTEM_LIBRARY_DIR)/Frameworks/AppKit.framework/Headers/AppKit.h";
				INFOPLIST_FILE = "DivvyZhu-Info.plist";
				INSTALL_PATH = "$(HOME)/Library/Bundles";
				OTHER_LDFLAGS = (
					"-framework",
					Foundation,
					"-framework",
					AppKit,
				);
				PREBINDING = NO;
				PRODUCT_NAME = DivvyZhu;
				WRAPPER_EXTENSION = plugin;
			};
			name = Debug;
		};
		D7A24D9213F3204A001AD337 /* Release */ = {
			isa = XCBuildConfiguration;
			buildSettings = {
				ALWAYS_SEARCH_USER_PATHS = NO;
				COPY_PHASE_STRIP = YES;
				DEBUG_INFORMATION_FORMAT = "dwarf-with-dsym";
				GCC_ENABLE_FIX_AND_CONTINUE = NO;
				GCC_MODEL_TUNING = G5;
				GCC_PRECOMPILE_PREFIX_HEADER = YES;
				GCC_PREFIX_HEADER = "$(SYSTEM_LIBRARY_DIR)/Frameworks/AppKit.framework/Headers/AppKit.h";
				INFOPLIST_FILE = "DivvyZhu-Info.plist";
				INSTALL_PATH = "$(HOME)/Library/Bundles";
				OTHER_LDFLAGS = (
					"-framework",
					Foundation,
					"-framework",
					AppKit,
				);
				PREBINDING = NO;
				PRODUCT_NAME = DivvyZhu;
				WRAPPER_EXTENSION = plugin;
				ZERO_LINK = NO;
			};
			name = Release;
		};
/* End XCBuildConfiguration section */

/* Begin XCConfigurationList section */
		0D55DC6213FA9FCA000ADAFB /* Build configuration list for PBXNativeTarget "DivvyPCA" */ = {
			isa = XCConfigurationList;
			buildConfigurations = (
				0D55DC6013FA9FCA000ADAFB /* Debug */,
				0D55DC6113FA9FCA000ADAFB /* Release */,
			);
			defaultConfigurationIsVisible = 0;
			defaultConfigurationName = Release;
		};
		C01FCF4A08A954540054247B /* Build configuration list for PBXNativeTarget "Divvy" */ = {
			isa = XCConfigurationList;
			buildConfigurations = (
				C01FCF4B08A954540054247B /* Debug */,
				C01FCF4C08A954540054247B /* Release */,
			);
			defaultConfigurationIsVisible = 0;
			defaultConfigurationName = Release;
		};
		C01FCF4E08A954540054247B /* Build configuration list for PBXProject "Divvy" */ = {
			isa = XCConfigurationList;
			buildConfigurations = (
				C01FCF4F08A954540054247B /* Debug */,
				C01FCF5008A954540054247B /* Release */,
			);
			defaultConfigurationIsVisible = 0;
			defaultConfigurationName = Release;
		};
		D704B6A613E08872002692E9 /* Build configuration list for PBXNativeTarget "DivvyScatterPlot" */ = {
			isa = XCConfigurationList;
			buildConfigurations = (
				D704B6A413E08872002692E9 /* Debug */,
				D704B6A513E08872002692E9 /* Release */,
			);
			defaultConfigurationIsVisible = 0;
			defaultConfigurationName = Release;
		};
		D704B88C13E1ED5E002692E9 /* Build configuration list for PBXNativeTarget "DivvyNilClusterer" */ = {
			isa = XCConfigurationList;
			buildConfigurations = (
				D704B88A13E1ED5E002692E9 /* Debug */,
				D704B88B13E1ED5E002692E9 /* Release */,
			);
			defaultConfigurationIsVisible = 0;
			defaultConfigurationName = Release;
		};
		D730D23813B526A900E01F31 /* Build configuration list for PBXNativeTarget "DivvyPlugin" */ = {
			isa = XCConfigurationList;
			buildConfigurations = (
				D730D23613B526A900E01F31 /* Debug */,
				D730D23713B526A900E01F31 /* Release */,
			);
			defaultConfigurationIsVisible = 0;
			defaultConfigurationName = Release;
		};
		D730D24413B5271A00E01F31 /* Build configuration list for PBXNativeTarget "DivvyKMeans" */ = {
			isa = XCConfigurationList;
			buildConfigurations = (
				D730D24213B5271A00E01F31 /* Debug */,
				D730D24313B5271A00E01F31 /* Release */,
			);
			defaultConfigurationIsVisible = 0;
			defaultConfigurationName = Release;
		};
		D7A24D8913F3203A001AD337 /* Build configuration list for PBXNativeTarget "DivvyNilReducer" */ = {
			isa = XCConfigurationList;
			buildConfigurations = (
				D7A24D8713F3203A001AD337 /* Debug */,
				D7A24D8813F3203A001AD337 /* Release */,
			);
			defaultConfigurationIsVisible = 0;
			defaultConfigurationName = Release;
		};
		D7A24D9313F3204A001AD337 /* Build configuration list for PBXNativeTarget "DivvyZhu" */ = {
			isa = XCConfigurationList;
			buildConfigurations = (
				D7A24D9113F3204A001AD337 /* Debug */,
				D7A24D9213F3204A001AD337 /* Release */,
			);
			defaultConfigurationIsVisible = 0;
			defaultConfigurationName = Release;
		};
/* End XCConfigurationList section */
	};
	rootObject = 29B97313FDCFA39411CA2CEA /* Project object */;
}
